
Microsoft Visual Studio Solution File, Format Version 12.00
# Visual Studio 2012
# Ranorex Studio 10.1.0
VisualStudioVersion = 12.0.20827.3
MinimumVisualStudioVersion = 10.0.40219.1
Project("{2150E333-8FDC-42A3-9474-1A3956D46DE8}") = "Solution Items", "Solution Items", "{36EC5EA3-397A-4D28-9088-DE3DFBE9EE5B}"
	ProjectSection(SolutionItems) = postProject
		Ranorex = .\Ranorex.rxsettings
	EndProjectSection
EndProject
Project("{FAE04EC0-301F-11D3-BF4B-00C04F79EFBC}") = "Y_MENU_002", "Y_MENU_002\Y_MENU_002.csproj", "{DFA1E684-9106-475D-9AC9-ADA693F0ADBC}"
EndProject
Project("{FAE04EC0-301F-11D3-BF4B-00C04F79EFBC}") = "Ranorex Automation Helpers", "RanorexAutomationHelpers\Ranorex Automation Helpers.csproj", "{8F29BD9E-E34F-49D6-8EB5-574F9557F850}"
EndProject
Global
	GlobalSection(SolutionConfigurationPlatforms) = preSolution
		Debug|x86 = Debug|x86
		Release|x86 = Release|x86
	EndGlobalSection
	GlobalSection(ProjectConfigurationPlatforms) = postSolution
		{DFA1E684-9106-475D-9AC9-ADA693F0ADBC}.Debug|x86.Build.0 = Debug|x86
		{DFA1E684-9106-475D-9AC9-ADA693F0ADBC}.Debug|x86.ActiveCfg = Debug|x86
		{DFA1E684-9106-475D-9AC9-ADA693F0ADBC}.Release|x86.Build.0 = Release|x86
		{DFA1E684-9106-475D-9AC9-ADA693F0ADBC}.Release|x86.ActiveCfg = Release|x86
		{8F29BD9E-E34F-49D6-8EB5-574F9557F850}.Debug|x86.Build.0 = Debug|x86
		{8F29BD9E-E34F-49D6-8EB5-574F9557F850}.Debug|x86.ActiveCfg = Debug|x86
		{8F29BD9E-E34F-49D6-8EB5-574F9557F850}.Release|x86.Build.0 = Release|x86
		{8F29BD9E-E34F-49D6-8EB5-574F9557F850}.Release|x86.ActiveCfg = Release|x86
	EndGlobalSection
EndGlobal
