
Microsoft Visual Studio Solution File, Format Version 12.00
# Visual Studio 2012
# Ranorex Studio 10.1.0
VisualStudioVersion = 12.0.20827.3
MinimumVisualStudioVersion = 10.0.40219.1
Project("{2150E333-8FDC-42A3-9474-1A3956D46DE8}") = "Solution Items", "Solution Items", "{7A88226C-0D34-4E70-800B-1A648DDB0510}"
	ProjectSection(SolutionItems) = postProject
		Ranorex = .\Ranorex.rxsettings
	EndProjectSection
EndProject
Project("{FAE04EC0-301F-11D3-BF4B-00C04F79EFBC}") = "N_LISTEN_BULI_001", "N_LISTEN_BULI_001\N_LISTEN_BULI_001.csproj", "{7BED2416-B507-42D2-8342-0A900175ACCF}"
EndProject
Project("{FAE04EC0-301F-11D3-BF4B-00C04F79EFBC}") = "N_LISTEN_BULI_002", "N_LISTEN_BULI_002\N_LISTEN_BULI_002.csproj", "{7DA76DC2-1562-4619-940A-6332E7C05D7F}"
EndProject
Global
	GlobalSection(SolutionConfigurationPlatforms) = preSolution
		Debug|x86 = Debug|x86
		Release|x86 = Release|x86
	EndGlobalSection
	GlobalSection(ProjectConfigurationPlatforms) = postSolution
		{7BED2416-B507-42D2-8342-0A900175ACCF}.Debug|x86.Build.0 = Debug|x86
		{7BED2416-B507-42D2-8342-0A900175ACCF}.Debug|x86.ActiveCfg = Debug|x86
		{7BED2416-B507-42D2-8342-0A900175ACCF}.Release|x86.Build.0 = Release|x86
		{7BED2416-B507-42D2-8342-0A900175ACCF}.Release|x86.ActiveCfg = Release|x86
		{7DA76DC2-1562-4619-940A-6332E7C05D7F}.Debug|x86.Build.0 = Debug|x86
		{7DA76DC2-1562-4619-940A-6332E7C05D7F}.Debug|x86.ActiveCfg = Debug|x86
		{7DA76DC2-1562-4619-940A-6332E7C05D7F}.Release|x86.Build.0 = Release|x86
		{7DA76DC2-1562-4619-940A-6332E7C05D7F}.Release|x86.ActiveCfg = Release|x86
	EndGlobalSection
EndGlobal
