
Microsoft Visual Studio Solution File, Format Version 12.00
# Visual Studio 2012
# Ranorex Studio 10.1.0
VisualStudioVersion = 12.0.20827.3
MinimumVisualStudioVersion = 10.0.40219.1
Project("{2150E333-8FDC-42A3-9474-1A3956D46DE8}") = "Solution Items", "Solution Items", "{F0378E3D-21D3-4A54-BED4-D53EE9B0E37C}"
	ProjectSection(SolutionItems) = postProject
		Ranorex = .\Ranorex.rxsettings
	EndProjectSection
EndProject
Project("{FAE04EC0-301F-11D3-BF4B-00C04F79EFBC}") = "B_ELSTER_001", "B_ELSTER_001\B_ELSTER_001.csproj", "{C7553882-DF79-43C0-8BA9-B1DEB330FE48}"
EndProject
Project("{FAE04EC0-301F-11D3-BF4B-00C04F79EFBC}") = "Ranorex Automation Helpers", "RanorexAutomationHelpers\Ranorex Automation Helpers.csproj", "{5C34A649-57D7-4E06-8927-2B2195E1EA46}"
EndProject
Project("{FAE04EC0-301F-11D3-BF4B-00C04F79EFBC}") = "B_ELSTER_002_ZM", "B_ELSTER_002_ZM\B_ELSTER_002_ZM.csproj", "{F705A6A0-9274-43B8-BA7D-7649F49B26C4}"
EndProject
Project("{FAE04EC0-301F-11D3-BF4B-00C04F79EFBC}") = "B_ELSTER_003", "B_ELSTER_003\B_ELSTER_003.csproj", "{7AF9AA19-6041-436B-925C-D8732E026075}"
EndProject
Project("{FAE04EC0-301F-11D3-BF4B-00C04F79EFBC}") = "B_ELSTER_004", "B_ELSTER_004\B_ELSTER_004.csproj", "{B476B6EF-F42F-4ABB-A71F-DAE38B93E0EF}"
EndProject
Project("{FAE04EC0-301F-11D3-BF4B-00C04F79EFBC}") = "B_ELSTER_005", "B_ELSTER_005\B_ELSTER_005.csproj", "{EAABC134-B81A-45AF-82EF-4216F0506AE1}"
EndProject
Project("{FAE04EC0-301F-11D3-BF4B-00C04F79EFBC}") = "B_ELSTER_006_ZM", "B_ELSTER_006_ZM\B_ELSTER_006_ZM.csproj", "{1013BE18-35E1-4532-8092-71909E3C4646}"
EndProject
Global
	GlobalSection(SolutionConfigurationPlatforms) = preSolution
		Debug|x86 = Debug|x86
		Release|x86 = Release|x86
	EndGlobalSection
	GlobalSection(ProjectConfigurationPlatforms) = postSolution
		{C7553882-DF79-43C0-8BA9-B1DEB330FE48}.Debug|x86.Build.0 = Debug|x86
		{C7553882-DF79-43C0-8BA9-B1DEB330FE48}.Debug|x86.ActiveCfg = Debug|x86
		{C7553882-DF79-43C0-8BA9-B1DEB330FE48}.Release|x86.Build.0 = Release|x86
		{C7553882-DF79-43C0-8BA9-B1DEB330FE48}.Release|x86.ActiveCfg = Release|x86
		{5C34A649-57D7-4E06-8927-2B2195E1EA46}.Debug|x86.Build.0 = Debug|x86
		{5C34A649-57D7-4E06-8927-2B2195E1EA46}.Debug|x86.ActiveCfg = Debug|x86
		{5C34A649-57D7-4E06-8927-2B2195E1EA46}.Release|x86.Build.0 = Release|x86
		{5C34A649-57D7-4E06-8927-2B2195E1EA46}.Release|x86.ActiveCfg = Release|x86
		{F705A6A0-9274-43B8-BA7D-7649F49B26C4}.Debug|x86.Build.0 = Debug|x86
		{F705A6A0-9274-43B8-BA7D-7649F49B26C4}.Debug|x86.ActiveCfg = Debug|x86
		{F705A6A0-9274-43B8-BA7D-7649F49B26C4}.Release|x86.Build.0 = Release|x86
		{F705A6A0-9274-43B8-BA7D-7649F49B26C4}.Release|x86.ActiveCfg = Release|x86
		{7AF9AA19-6041-436B-925C-D8732E026075}.Debug|x86.Build.0 = Debug|x86
		{7AF9AA19-6041-436B-925C-D8732E026075}.Debug|x86.ActiveCfg = Debug|x86
		{7AF9AA19-6041-436B-925C-D8732E026075}.Release|x86.Build.0 = Release|x86
		{7AF9AA19-6041-436B-925C-D8732E026075}.Release|x86.ActiveCfg = Release|x86
		{B476B6EF-F42F-4ABB-A71F-DAE38B93E0EF}.Debug|x86.Build.0 = Debug|x86
		{B476B6EF-F42F-4ABB-A71F-DAE38B93E0EF}.Debug|x86.ActiveCfg = Debug|x86
		{B476B6EF-F42F-4ABB-A71F-DAE38B93E0EF}.Release|x86.Build.0 = Release|x86
		{B476B6EF-F42F-4ABB-A71F-DAE38B93E0EF}.Release|x86.ActiveCfg = Release|x86
		{EAABC134-B81A-45AF-82EF-4216F0506AE1}.Debug|x86.Build.0 = Debug|x86
		{EAABC134-B81A-45AF-82EF-4216F0506AE1}.Debug|x86.ActiveCfg = Debug|x86
		{EAABC134-B81A-45AF-82EF-4216F0506AE1}.Release|x86.Build.0 = Release|x86
		{EAABC134-B81A-45AF-82EF-4216F0506AE1}.Release|x86.ActiveCfg = Release|x86
		{1013BE18-35E1-4532-8092-71909E3C4646}.Debug|x86.Build.0 = Debug|x86
		{1013BE18-35E1-4532-8092-71909E3C4646}.Debug|x86.ActiveCfg = Debug|x86
		{1013BE18-35E1-4532-8092-71909E3C4646}.Release|x86.Build.0 = Release|x86
		{1013BE18-35E1-4532-8092-71909E3C4646}.Release|x86.ActiveCfg = Release|x86
	EndGlobalSection
EndGlobal
