
Microsoft Visual Studio Solution File, Format Version 12.00
# Visual Studio 2012
# Ranorex Studio 9.3.0
VisualStudioVersion = 12.0.20827.3
MinimumVisualStudioVersion = 10.0.40219.1
Project("{2150E333-8FDC-42A3-9474-1A3956D46DE8}") = "Solution Items", "Solution Items", "{F7CC7169-F08C-4685-8497-A04E81673B91}"
	ProjectSection(SolutionItems) = postProject
		Ranorex = .\Ranorex.rxsettings
	EndProjectSection
EndProject
Project("{FAE04EC0-301F-11D3-BF4B-00C04F79EFBC}") = "V_AUFI_001", "V_AUFI_001\V_AUFI_001.csproj", "{2C98BAB6-8C51-4C99-9C6C-C82AB01FAE41}"
EndProject
Global
	GlobalSection(SolutionConfigurationPlatforms) = preSolution
		Debug|x86 = Debug|x86
		Release|x86 = Release|x86
	EndGlobalSection
	GlobalSection(ProjectConfigurationPlatforms) = postSolution
		{2C98BAB6-8C51-4C99-9C6C-C82AB01FAE41}.Debug|x86.Build.0 = Debug|x86
		{2C98BAB6-8C51-4C99-9C6C-C82AB01FAE41}.Debug|x86.ActiveCfg = Debug|x86
		{2C98BAB6-8C51-4C99-9C6C-C82AB01FAE41}.Release|x86.Build.0 = Release|x86
		{2C98BAB6-8C51-4C99-9C6C-C82AB01FAE41}.Release|x86.ActiveCfg = Release|x86
	EndGlobalSection
EndGlobal
