
Microsoft Visual Studio Solution File, Format Version 12.00
# Visual Studio 2012
# Ranorex Studio 10.1.0
VisualStudioVersion = 12.0.20827.3
MinimumVisualStudioVersion = 10.0.40219.1
Project("{2150E333-8FDC-42A3-9474-1A3956D46DE8}") = "Solution Items", "Solution Items", "{132C1F81-9F46-4D9B-A234-5B79BE2BADBB}"
	ProjectSection(SolutionItems) = postProject
		Ranorex = .\Ranorex.rxsettings
	EndProjectSection
EndProject
Project("{FAE04EC0-301F-11D3-BF4B-00C04F79EFBC}") = "E_BSK_001", "E_BSK_001\E_BSK_001.csproj", "{12106B3A-38D6-4E78-AF0D-BC196E14DF7D}"
EndProject
Project("{FAE04EC0-301F-11D3-BF4B-00C04F79EFBC}") = "Ranorex Automation Helpers", "RanorexAutomationHelpers\Ranorex Automation Helpers.csproj", "{3848DF6A-5E11-4BFC-9179-CFEEE5F237A7}"
EndProject
Project("{FAE04EC0-301F-11D3-BF4B-00C04F79EFBC}") = "E_BSK_002", "E_BSK_002\E_BSK_002.csproj", "{6BA1824D-5968-4DEB-B781-28AC4A16ED04}"
EndProject
Project("{FAE04EC0-301F-11D3-BF4B-00C04F79EFBC}") = "E_BSK_003", "E_BSK_003\E_BSK_003.csproj", "{4B1B21FA-D062-4ABD-88B3-B1F176EED4B6}"
EndProject
Project("{FAE04EC0-301F-11D3-BF4B-00C04F79EFBC}") = "E_BSK_004", "E_BSK_004\E_BSK_004.csproj", "{9209287F-0E12-45A1-B214-8746C101E88D}"
EndProject
Global
	GlobalSection(SolutionConfigurationPlatforms) = preSolution
		Debug|x86 = Debug|x86
		Release|x86 = Release|x86
	EndGlobalSection
	GlobalSection(ProjectConfigurationPlatforms) = postSolution
		{12106B3A-38D6-4E78-AF0D-BC196E14DF7D}.Debug|x86.Build.0 = Debug|x86
		{12106B3A-38D6-4E78-AF0D-BC196E14DF7D}.Debug|x86.ActiveCfg = Debug|x86
		{12106B3A-38D6-4E78-AF0D-BC196E14DF7D}.Release|x86.Build.0 = Release|x86
		{12106B3A-38D6-4E78-AF0D-BC196E14DF7D}.Release|x86.ActiveCfg = Release|x86
		{3848DF6A-5E11-4BFC-9179-CFEEE5F237A7}.Debug|x86.Build.0 = Debug|x86
		{3848DF6A-5E11-4BFC-9179-CFEEE5F237A7}.Debug|x86.ActiveCfg = Debug|x86
		{3848DF6A-5E11-4BFC-9179-CFEEE5F237A7}.Release|x86.Build.0 = Release|x86
		{3848DF6A-5E11-4BFC-9179-CFEEE5F237A7}.Release|x86.ActiveCfg = Release|x86
		{6BA1824D-5968-4DEB-B781-28AC4A16ED04}.Debug|x86.Build.0 = Debug|x86
		{6BA1824D-5968-4DEB-B781-28AC4A16ED04}.Debug|x86.ActiveCfg = Debug|x86
		{6BA1824D-5968-4DEB-B781-28AC4A16ED04}.Release|x86.Build.0 = Release|x86
		{6BA1824D-5968-4DEB-B781-28AC4A16ED04}.Release|x86.ActiveCfg = Release|x86
		{4B1B21FA-D062-4ABD-88B3-B1F176EED4B6}.Debug|x86.Build.0 = Debug|x86
		{4B1B21FA-D062-4ABD-88B3-B1F176EED4B6}.Debug|x86.ActiveCfg = Debug|x86
		{4B1B21FA-D062-4ABD-88B3-B1F176EED4B6}.Release|x86.Build.0 = Release|x86
		{4B1B21FA-D062-4ABD-88B3-B1F176EED4B6}.Release|x86.ActiveCfg = Release|x86
		{9209287F-0E12-45A1-B214-8746C101E88D}.Debug|x86.Build.0 = Debug|x86
		{9209287F-0E12-45A1-B214-8746C101E88D}.Debug|x86.ActiveCfg = Debug|x86
		{9209287F-0E12-45A1-B214-8746C101E88D}.Release|x86.Build.0 = Release|x86
		{9209287F-0E12-45A1-B214-8746C101E88D}.Release|x86.ActiveCfg = Release|x86
	EndGlobalSection
EndGlobal
