
Microsoft Visual Studio Solution File, Format Version 12.00
# Visual Studio 2012
# Ranorex Studio 10.1.0
VisualStudioVersion = 12.0.20827.3
MinimumVisualStudioVersion = 10.0.40219.1
Project("{2150E333-8FDC-42A3-9474-1A3956D46DE8}") = "Solution Items", "Solution Items", "{2FED663A-CB69-48B9-8986-00921777D476}"
	ProjectSection(SolutionItems) = postProject
		Ranorex = .\Ranorex.rxsettings
		RanorexLicenseManager = .\RanorexLicenseManager.lic
	EndProjectSection
EndProject
Project("{FAE04EC0-301F-11D3-BF4B-00C04F79EFBC}") = "Hotfixtest_510", "Hotfixtest_510\Hotfixtest_510.csproj", "{5CFC21A6-243E-4037-96F3-7636A4F9CAB4}"
EndProject
Project("{FAE04EC0-301F-11D3-BF4B-00C04F79EFBC}") = "Hotfixtest_490", "Hotfixtest_490\Hotfixtest_490.csproj", "{6425A00E-C69E-4C0F-A60A-088182B6467E}"
EndProject
Project("{FAE04EC0-301F-11D3-BF4B-00C04F79EFBC}") = "Ranorex Automation Helpers", "RanorexAutomationHelpers\Ranorex Automation Helpers.csproj", "{648FBAAC-8F9C-4908-B2A4-F1233B6385EB}"
EndProject
Global
	GlobalSection(SolutionConfigurationPlatforms) = preSolution
		Debug|x86 = Debug|x86
		Release|x86 = Release|x86
	EndGlobalSection
	GlobalSection(ProjectConfigurationPlatforms) = postSolution
		{5CFC21A6-243E-4037-96F3-7636A4F9CAB4}.Debug|x86.Build.0 = Debug|x86
		{5CFC21A6-243E-4037-96F3-7636A4F9CAB4}.Debug|x86.ActiveCfg = Debug|x86
		{5CFC21A6-243E-4037-96F3-7636A4F9CAB4}.Release|x86.Build.0 = Release|x86
		{5CFC21A6-243E-4037-96F3-7636A4F9CAB4}.Release|x86.ActiveCfg = Release|x86
		{6425A00E-C69E-4C0F-A60A-088182B6467E}.Debug|x86.Build.0 = Debug|x86
		{6425A00E-C69E-4C0F-A60A-088182B6467E}.Debug|x86.ActiveCfg = Debug|x86
		{6425A00E-C69E-4C0F-A60A-088182B6467E}.Release|x86.Build.0 = Release|x86
		{6425A00E-C69E-4C0F-A60A-088182B6467E}.Release|x86.ActiveCfg = Release|x86
		{648FBAAC-8F9C-4908-B2A4-F1233B6385EB}.Debug|x86.Build.0 = Debug|x86
		{648FBAAC-8F9C-4908-B2A4-F1233B6385EB}.Debug|x86.ActiveCfg = Debug|x86
		{648FBAAC-8F9C-4908-B2A4-F1233B6385EB}.Release|x86.Build.0 = Release|x86
		{648FBAAC-8F9C-4908-B2A4-F1233B6385EB}.Release|x86.ActiveCfg = Release|x86
	EndGlobalSection
EndGlobal
