
Microsoft Visual Studio Solution File, Format Version 12.00
# Visual Studio 2012
# Ranorex Studio 10.1.0
VisualStudioVersion = 12.0.20827.3
MinimumVisualStudioVersion = 10.0.40219.1
Project("{2150E333-8FDC-42A3-9474-1A3956D46DE8}") = "Solution Items", "Solution Items", "{158CC56D-DC68-4B0C-9025-DB2A146FD674}"
	ProjectSection(SolutionItems) = postProject
		Ranorex = .\Ranorex.rxsettings
	EndProjectSection
EndProject
Project("{FAE04EC0-301F-11D3-BF4B-00C04F79EFBC}") = "B_SHPRUF_001", "B_SHPRUF_001\B_SHPRUF_001.csproj", "{FFC6BFC1-B74D-419F-8117-BC3FECFE2A44}"
EndProject
Project("{FAE04EC0-301F-11D3-BF4B-00C04F79EFBC}") = "Ranorex Automation Helpers", "RanorexAutomationHelpers\Ranorex Automation Helpers.csproj", "{47A8D5C8-CD01-4C39-A9A8-BF835BEB13E8}"
EndProject
Project("{FAE04EC0-301F-11D3-BF4B-00C04F79EFBC}") = "B_SHPRUF_003", "B_SHPRUF_003\B_SHPRUF_003.csproj", "{50AA87AF-62E1-43BE-A3B7-FBDBD9B034D1}"
EndProject
Project("{FAE04EC0-301F-11D3-BF4B-00C04F79EFBC}") = "B_SHPRUF_002", "B_SHPRUF_002\B_SHPRUF_002.csproj", "{EDD5A938-306F-4969-B37E-21E833FEFCCB}"
EndProject
Global
	GlobalSection(SolutionConfigurationPlatforms) = preSolution
		Debug|x86 = Debug|x86
		Release|x86 = Release|x86
	EndGlobalSection
	GlobalSection(ProjectConfigurationPlatforms) = postSolution
		{FFC6BFC1-B74D-419F-8117-BC3FECFE2A44}.Debug|x86.Build.0 = Debug|x86
		{FFC6BFC1-B74D-419F-8117-BC3FECFE2A44}.Debug|x86.ActiveCfg = Debug|x86
		{FFC6BFC1-B74D-419F-8117-BC3FECFE2A44}.Release|x86.Build.0 = Release|x86
		{FFC6BFC1-B74D-419F-8117-BC3FECFE2A44}.Release|x86.ActiveCfg = Release|x86
		{47A8D5C8-CD01-4C39-A9A8-BF835BEB13E8}.Debug|x86.Build.0 = Debug|x86
		{47A8D5C8-CD01-4C39-A9A8-BF835BEB13E8}.Debug|x86.ActiveCfg = Debug|x86
		{47A8D5C8-CD01-4C39-A9A8-BF835BEB13E8}.Release|x86.Build.0 = Release|x86
		{47A8D5C8-CD01-4C39-A9A8-BF835BEB13E8}.Release|x86.ActiveCfg = Release|x86
		{50AA87AF-62E1-43BE-A3B7-FBDBD9B034D1}.Debug|x86.Build.0 = Debug|x86
		{50AA87AF-62E1-43BE-A3B7-FBDBD9B034D1}.Debug|x86.ActiveCfg = Debug|x86
		{50AA87AF-62E1-43BE-A3B7-FBDBD9B034D1}.Release|x86.Build.0 = Release|x86
		{50AA87AF-62E1-43BE-A3B7-FBDBD9B034D1}.Release|x86.ActiveCfg = Release|x86
		{EDD5A938-306F-4969-B37E-21E833FEFCCB}.Debug|x86.Build.0 = Debug|x86
		{EDD5A938-306F-4969-B37E-21E833FEFCCB}.Debug|x86.ActiveCfg = Debug|x86
		{EDD5A938-306F-4969-B37E-21E833FEFCCB}.Release|x86.Build.0 = Release|x86
		{EDD5A938-306F-4969-B37E-21E833FEFCCB}.Release|x86.ActiveCfg = Release|x86
	EndGlobalSection
EndGlobal
