
Microsoft Visual Studio Solution File, Format Version 12.00
# Visual Studio 2012
# Ranorex Studio 10.1.0
VisualStudioVersion = 12.0.20827.3
MinimumVisualStudioVersion = 10.0.40219.1
Project("{2150E333-8FDC-42A3-9474-1A3956D46DE8}") = "Solution Items", "Solution Items", "{869282C3-03DF-4F4B-9162-810FF8D5035B}"
	ProjectSection(SolutionItems) = postProject
		Ranorex = .\Ranorex.rxsettings
	EndProjectSection
EndProject
Project("{FAE04EC0-301F-11D3-BF4B-00C04F79EFBC}") = "B_BUCH_001", "B_BUCH_001\B_BUCH_001.csproj", "{5C3D21E7-6280-4AC5-ACEF-B8346E900206}"
EndProject
Project("{FAE04EC0-301F-11D3-BF4B-00C04F79EFBC}") = "Ranorex Automation Helpers", "RanorexAutomationHelpers\Ranorex Automation Helpers.csproj", "{76ECAD2C-14FE-4F8B-A11B-A8B37023218B}"
EndProject
Project("{FAE04EC0-301F-11D3-BF4B-00C04F79EFBC}") = "B_BUCH_002", "B_BUCH_002\B_BUCH_002.csproj", "{56D0FC87-9215-4B56-AB35-A1AB4131CC54}"
EndProject
Project("{FAE04EC0-301F-11D3-BF4B-00C04F79EFBC}") = "B_BUCH_003", "B_BUCH_003\B_BUCH_003.csproj", "{916496AD-E0E3-40A5-9649-1325ADB86B1E}"
EndProject
Project("{FAE04EC0-301F-11D3-BF4B-00C04F79EFBC}") = "B_BUCH_004", "B_BUCH_004\B_BUCH_004.csproj", "{5C1A6490-2200-47EF-84FD-1F57F30A5071}"
EndProject
Project("{FAE04EC0-301F-11D3-BF4B-00C04F79EFBC}") = "B_BUCH_005", "B_BUCH_005\B_BUCH_005.csproj", "{C043BD83-9F01-4C1E-B858-B3FF2786BD04}"
EndProject
Project("{FAE04EC0-301F-11D3-BF4B-00C04F79EFBC}") = "B_BUCH_006", "B_BUCH_006\B_BUCH_006.csproj", "{3639DFDF-359C-4157-839D-4FD322179AEA}"
EndProject
Project("{FAE04EC0-301F-11D3-BF4B-00C04F79EFBC}") = "B_BUCH_007", "B_BUCH_007\B_BUCH_007.csproj", "{C22BDB04-28C9-44E6-A56B-3C888A1D603A}"
EndProject
Global
	GlobalSection(SolutionConfigurationPlatforms) = preSolution
		Debug|x86 = Debug|x86
		Release|x86 = Release|x86
	EndGlobalSection
	GlobalSection(ProjectConfigurationPlatforms) = postSolution
		{5C3D21E7-6280-4AC5-ACEF-B8346E900206}.Debug|x86.Build.0 = Debug|x86
		{5C3D21E7-6280-4AC5-ACEF-B8346E900206}.Debug|x86.ActiveCfg = Debug|x86
		{5C3D21E7-6280-4AC5-ACEF-B8346E900206}.Release|x86.Build.0 = Release|x86
		{5C3D21E7-6280-4AC5-ACEF-B8346E900206}.Release|x86.ActiveCfg = Release|x86
		{76ECAD2C-14FE-4F8B-A11B-A8B37023218B}.Debug|x86.Build.0 = Debug|x86
		{76ECAD2C-14FE-4F8B-A11B-A8B37023218B}.Debug|x86.ActiveCfg = Debug|x86
		{76ECAD2C-14FE-4F8B-A11B-A8B37023218B}.Release|x86.Build.0 = Release|x86
		{76ECAD2C-14FE-4F8B-A11B-A8B37023218B}.Release|x86.ActiveCfg = Release|x86
		{56D0FC87-9215-4B56-AB35-A1AB4131CC54}.Debug|x86.Build.0 = Debug|x86
		{56D0FC87-9215-4B56-AB35-A1AB4131CC54}.Debug|x86.ActiveCfg = Debug|x86
		{56D0FC87-9215-4B56-AB35-A1AB4131CC54}.Release|x86.Build.0 = Release|x86
		{56D0FC87-9215-4B56-AB35-A1AB4131CC54}.Release|x86.ActiveCfg = Release|x86
		{916496AD-E0E3-40A5-9649-1325ADB86B1E}.Debug|x86.Build.0 = Debug|x86
		{916496AD-E0E3-40A5-9649-1325ADB86B1E}.Debug|x86.ActiveCfg = Debug|x86
		{916496AD-E0E3-40A5-9649-1325ADB86B1E}.Release|x86.Build.0 = Release|x86
		{916496AD-E0E3-40A5-9649-1325ADB86B1E}.Release|x86.ActiveCfg = Release|x86
		{5C1A6490-2200-47EF-84FD-1F57F30A5071}.Debug|x86.Build.0 = Debug|x86
		{5C1A6490-2200-47EF-84FD-1F57F30A5071}.Debug|x86.ActiveCfg = Debug|x86
		{5C1A6490-2200-47EF-84FD-1F57F30A5071}.Release|x86.Build.0 = Release|x86
		{5C1A6490-2200-47EF-84FD-1F57F30A5071}.Release|x86.ActiveCfg = Release|x86
		{C043BD83-9F01-4C1E-B858-B3FF2786BD04}.Debug|x86.Build.0 = Debug|x86
		{C043BD83-9F01-4C1E-B858-B3FF2786BD04}.Debug|x86.ActiveCfg = Debug|x86
		{C043BD83-9F01-4C1E-B858-B3FF2786BD04}.Release|x86.Build.0 = Release|x86
		{C043BD83-9F01-4C1E-B858-B3FF2786BD04}.Release|x86.ActiveCfg = Release|x86
		{3639DFDF-359C-4157-839D-4FD322179AEA}.Debug|x86.Build.0 = Debug|x86
		{3639DFDF-359C-4157-839D-4FD322179AEA}.Debug|x86.ActiveCfg = Debug|x86
		{3639DFDF-359C-4157-839D-4FD322179AEA}.Release|x86.Build.0 = Release|x86
		{3639DFDF-359C-4157-839D-4FD322179AEA}.Release|x86.ActiveCfg = Release|x86
		{C22BDB04-28C9-44E6-A56B-3C888A1D603A}.Debug|x86.Build.0 = Debug|x86
		{C22BDB04-28C9-44E6-A56B-3C888A1D603A}.Debug|x86.ActiveCfg = Debug|x86
		{C22BDB04-28C9-44E6-A56B-3C888A1D603A}.Release|x86.Build.0 = Release|x86
		{C22BDB04-28C9-44E6-A56B-3C888A1D603A}.Release|x86.ActiveCfg = Release|x86
	EndGlobalSection
EndGlobal
