
Microsoft Visual Studio Solution File, Format Version 12.00
# Visual Studio 2012
# Ranorex Studio 10.1.0
VisualStudioVersion = 12.0.20827.3
MinimumVisualStudioVersion = 10.0.40219.1
Project("{2150E333-8FDC-42A3-9474-1A3956D46DE8}") = "Solution Items", "Solution Items", "{6F17E67D-61AF-455C-A479-C92D3020E146}"
	ProjectSection(SolutionItems) = postProject
		Ranorex = .\Ranorex.rxsettings
	EndProjectSection
EndProject
Project("{FAE04EC0-301F-11D3-BF4B-00C04F79EFBC}") = "V_AUF_001", "V_AUF_001\V_AUF_001.csproj", "{2C30C812-7104-4AA7-85B6-FE0A0A20A02E}"
EndProject
Project("{FAE04EC0-301F-11D3-BF4B-00C04F79EFBC}") = "Ranorex Automation Helpers", "RanorexAutomationHelpers\Ranorex Automation Helpers.csproj", "{CDD0C6E9-294B-4274-B95D-10AD5B762E2E}"
EndProject
Project("{FAE04EC0-301F-11D3-BF4B-00C04F79EFBC}") = "V_AUF_003", "V_AUF_003\V_AUF_003.csproj", "{2219DBCD-C508-4289-BBD1-E20849429F48}"
EndProject
Project("{FAE04EC0-301F-11D3-BF4B-00C04F79EFBC}") = "V_AUF_002", "V_AUF_002\V_AUF_002.csproj", "{1623C19B-09A2-4702-934F-E56F181204DC}"
EndProject
Project("{FAE04EC0-301F-11D3-BF4B-00C04F79EFBC}") = "V_AUF_004", "V_AUF_004\V_AUF_004.csproj", "{6F404C3C-B0FB-4B1E-86DF-711CC15DF120}"
EndProject
Project("{FAE04EC0-301F-11D3-BF4B-00C04F79EFBC}") = "V_AUF_005", "V_AUF_005\V_AUF_005.csproj", "{359A0226-9AF6-4977-808D-A12CF00776AB}"
EndProject
Project("{FAE04EC0-301F-11D3-BF4B-00C04F79EFBC}") = "V_AUF_006", "V_AUF_006\V_AUF_006.csproj", "{2C56AA26-3097-493D-9801-D659E5326924}"
EndProject
Project("{FAE04EC0-301F-11D3-BF4B-00C04F79EFBC}") = "V_AUF_007", "V_AUF_007\V_AUF_007.csproj", "{567C460B-8DC7-479C-9C15-85D515826AAC}"
EndProject
Project("{FAE04EC0-301F-11D3-BF4B-00C04F79EFBC}") = "V_AUF_008", "V_AUF_008\V_AUF_008.csproj", "{F3CB2137-60ED-4B24-9BE3-2A45AA0EAA1F}"
EndProject
Global
	GlobalSection(SolutionConfigurationPlatforms) = preSolution
		Debug|x86 = Debug|x86
		Release|x86 = Release|x86
	EndGlobalSection
	GlobalSection(ProjectConfigurationPlatforms) = postSolution
		{2C30C812-7104-4AA7-85B6-FE0A0A20A02E}.Debug|x86.Build.0 = Debug|x86
		{2C30C812-7104-4AA7-85B6-FE0A0A20A02E}.Debug|x86.ActiveCfg = Debug|x86
		{2C30C812-7104-4AA7-85B6-FE0A0A20A02E}.Release|x86.Build.0 = Release|x86
		{2C30C812-7104-4AA7-85B6-FE0A0A20A02E}.Release|x86.ActiveCfg = Release|x86
		{CDD0C6E9-294B-4274-B95D-10AD5B762E2E}.Debug|x86.Build.0 = Debug|x86
		{CDD0C6E9-294B-4274-B95D-10AD5B762E2E}.Debug|x86.ActiveCfg = Debug|x86
		{CDD0C6E9-294B-4274-B95D-10AD5B762E2E}.Release|x86.Build.0 = Release|x86
		{CDD0C6E9-294B-4274-B95D-10AD5B762E2E}.Release|x86.ActiveCfg = Release|x86
		{2219DBCD-C508-4289-BBD1-E20849429F48}.Debug|x86.Build.0 = Debug|x86
		{2219DBCD-C508-4289-BBD1-E20849429F48}.Debug|x86.ActiveCfg = Debug|x86
		{2219DBCD-C508-4289-BBD1-E20849429F48}.Release|x86.Build.0 = Release|x86
		{2219DBCD-C508-4289-BBD1-E20849429F48}.Release|x86.ActiveCfg = Release|x86
		{1623C19B-09A2-4702-934F-E56F181204DC}.Debug|x86.Build.0 = Debug|x86
		{1623C19B-09A2-4702-934F-E56F181204DC}.Debug|x86.ActiveCfg = Debug|x86
		{1623C19B-09A2-4702-934F-E56F181204DC}.Release|x86.Build.0 = Release|x86
		{1623C19B-09A2-4702-934F-E56F181204DC}.Release|x86.ActiveCfg = Release|x86
		{6F404C3C-B0FB-4B1E-86DF-711CC15DF120}.Debug|x86.Build.0 = Debug|x86
		{6F404C3C-B0FB-4B1E-86DF-711CC15DF120}.Debug|x86.ActiveCfg = Debug|x86
		{6F404C3C-B0FB-4B1E-86DF-711CC15DF120}.Release|x86.Build.0 = Release|x86
		{6F404C3C-B0FB-4B1E-86DF-711CC15DF120}.Release|x86.ActiveCfg = Release|x86
		{359A0226-9AF6-4977-808D-A12CF00776AB}.Debug|x86.Build.0 = Debug|x86
		{359A0226-9AF6-4977-808D-A12CF00776AB}.Debug|x86.ActiveCfg = Debug|x86
		{359A0226-9AF6-4977-808D-A12CF00776AB}.Release|x86.Build.0 = Release|x86
		{359A0226-9AF6-4977-808D-A12CF00776AB}.Release|x86.ActiveCfg = Release|x86
		{2C56AA26-3097-493D-9801-D659E5326924}.Debug|x86.Build.0 = Debug|x86
		{2C56AA26-3097-493D-9801-D659E5326924}.Debug|x86.ActiveCfg = Debug|x86
		{2C56AA26-3097-493D-9801-D659E5326924}.Release|x86.Build.0 = Release|x86
		{2C56AA26-3097-493D-9801-D659E5326924}.Release|x86.ActiveCfg = Release|x86
		{567C460B-8DC7-479C-9C15-85D515826AAC}.Debug|x86.Build.0 = Debug|x86
		{567C460B-8DC7-479C-9C15-85D515826AAC}.Debug|x86.ActiveCfg = Debug|x86
		{567C460B-8DC7-479C-9C15-85D515826AAC}.Release|x86.Build.0 = Release|x86
		{567C460B-8DC7-479C-9C15-85D515826AAC}.Release|x86.ActiveCfg = Release|x86
		{F3CB2137-60ED-4B24-9BE3-2A45AA0EAA1F}.Debug|x86.Build.0 = Debug|x86
		{F3CB2137-60ED-4B24-9BE3-2A45AA0EAA1F}.Debug|x86.ActiveCfg = Debug|x86
		{F3CB2137-60ED-4B24-9BE3-2A45AA0EAA1F}.Release|x86.Build.0 = Release|x86
		{F3CB2137-60ED-4B24-9BE3-2A45AA0EAA1F}.Release|x86.ActiveCfg = Release|x86
	EndGlobalSection
EndGlobal
