
Microsoft Visual Studio Solution File, Format Version 12.00
# Visual Studio 2012
# Ranorex Studio 10.1.0
VisualStudioVersion = 12.0.20827.3
MinimumVisualStudioVersion = 10.0.40219.1
Project("{2150E333-8FDC-42A3-9474-1A3956D46DE8}") = "Solution Items", "Solution Items", "{7017CB3B-E374-4DF3-A27B-0D0D6B47D4B8}"
	ProjectSection(SolutionItems) = postProject
		Ranorex = .\Ranorex.rxsettings
	EndProjectSection
EndProject
Project("{FAE04EC0-301F-11D3-BF4B-00C04F79EFBC}") = "L_KMSE_001", "L_KMSE_001\L_KMSE_001.csproj", "{46584F2E-AC8C-4EF7-ABE5-F3E232CD1CFE}"
EndProject
Project("{FAE04EC0-301F-11D3-BF4B-00C04F79EFBC}") = "Ranorex Automation Helpers", "RanorexAutomationHelpers\Ranorex Automation Helpers.csproj", "{97068761-CA92-460A-871A-25380900E0E5}"
EndProject
Project("{FAE04EC0-301F-11D3-BF4B-00C04F79EFBC}") = "L_KMSE_002", "L_KMSE_002\L_KMSE_002.csproj", "{406F5841-71D1-4F63-AA68-91CAA001BEF9}"
EndProject
Global
	GlobalSection(SolutionConfigurationPlatforms) = preSolution
		Debug|x86 = Debug|x86
		Release|x86 = Release|x86
	EndGlobalSection
	GlobalSection(ProjectConfigurationPlatforms) = postSolution
		{46584F2E-AC8C-4EF7-ABE5-F3E232CD1CFE}.Debug|x86.Build.0 = Debug|x86
		{46584F2E-AC8C-4EF7-ABE5-F3E232CD1CFE}.Debug|x86.ActiveCfg = Debug|x86
		{46584F2E-AC8C-4EF7-ABE5-F3E232CD1CFE}.Release|x86.Build.0 = Release|x86
		{46584F2E-AC8C-4EF7-ABE5-F3E232CD1CFE}.Release|x86.ActiveCfg = Release|x86
		{97068761-CA92-460A-871A-25380900E0E5}.Debug|x86.Build.0 = Debug|x86
		{97068761-CA92-460A-871A-25380900E0E5}.Debug|x86.ActiveCfg = Debug|x86
		{97068761-CA92-460A-871A-25380900E0E5}.Release|x86.Build.0 = Release|x86
		{97068761-CA92-460A-871A-25380900E0E5}.Release|x86.ActiveCfg = Release|x86
		{406F5841-71D1-4F63-AA68-91CAA001BEF9}.Debug|x86.Build.0 = Debug|x86
		{406F5841-71D1-4F63-AA68-91CAA001BEF9}.Debug|x86.ActiveCfg = Debug|x86
		{406F5841-71D1-4F63-AA68-91CAA001BEF9}.Release|x86.Build.0 = Release|x86
		{406F5841-71D1-4F63-AA68-91CAA001BEF9}.Release|x86.ActiveCfg = Release|x86
	EndGlobalSection
EndGlobal
