
Microsoft Visual Studio Solution File, Format Version 12.00
# Visual Studio 2012
# Ranorex Studio 10.1.0
VisualStudioVersion = 12.0.20827.3
MinimumVisualStudioVersion = 10.0.40219.1
Project("{2150E333-8FDC-42A3-9474-1A3956D46DE8}") = "Solution Items", "Solution Items", "{8F54469C-B46A-46C8-A429-0B71294D96AA}"
	ProjectSection(SolutionItems) = postProject
		Ranorex = .\Ranorex.rxsettings
	EndProjectSection
EndProject
Project("{FAE04EC0-301F-11D3-BF4B-00C04F79EFBC}") = "B_MNDR_001", "B_MNDR_001\B_MNDR_001.csproj", "{6E350ECC-DD1D-438E-86A9-AE519433EBD5}"
EndProject
Project("{FAE04EC0-301F-11D3-BF4B-00C04F79EFBC}") = "B_MNDR_002", "B_MNDR_002\B_MNDR_002.csproj", "{DAA678FC-1150-4F21-AD01-D6C03DFFD7B1}"
EndProject
Project("{FAE04EC0-301F-11D3-BF4B-00C04F79EFBC}") = "B_MNDR_003", "B_MNDR_003\B_MNDR_003.csproj", "{709FFAC1-984C-4654-87C5-3E7F94D54C09}"
EndProject
Project("{FAE04EC0-301F-11D3-BF4B-00C04F79EFBC}") = "B_MNDR_004", "B_MNDR_004\B_MNDR_004.csproj", "{1370A585-3DC5-4503-AF0B-B9F9726ADE80}"
EndProject
Project("{FAE04EC0-301F-11D3-BF4B-00C04F79EFBC}") = "Ranorex Automation Helpers", "RanorexAutomationHelpers\Ranorex Automation Helpers.csproj", "{69E32101-1A74-449B-89A2-CCF2D6D2203C}"
EndProject
Global
	GlobalSection(SolutionConfigurationPlatforms) = preSolution
		Debug|x86 = Debug|x86
		Release|x86 = Release|x86
	EndGlobalSection
	GlobalSection(ProjectConfigurationPlatforms) = postSolution
		{6E350ECC-DD1D-438E-86A9-AE519433EBD5}.Debug|x86.Build.0 = Debug|x86
		{6E350ECC-DD1D-438E-86A9-AE519433EBD5}.Debug|x86.ActiveCfg = Debug|x86
		{6E350ECC-DD1D-438E-86A9-AE519433EBD5}.Release|x86.Build.0 = Release|x86
		{6E350ECC-DD1D-438E-86A9-AE519433EBD5}.Release|x86.ActiveCfg = Release|x86
		{DAA678FC-1150-4F21-AD01-D6C03DFFD7B1}.Debug|x86.Build.0 = Debug|x86
		{DAA678FC-1150-4F21-AD01-D6C03DFFD7B1}.Debug|x86.ActiveCfg = Debug|x86
		{DAA678FC-1150-4F21-AD01-D6C03DFFD7B1}.Release|x86.Build.0 = Release|x86
		{DAA678FC-1150-4F21-AD01-D6C03DFFD7B1}.Release|x86.ActiveCfg = Release|x86
		{709FFAC1-984C-4654-87C5-3E7F94D54C09}.Debug|x86.Build.0 = Debug|x86
		{709FFAC1-984C-4654-87C5-3E7F94D54C09}.Debug|x86.ActiveCfg = Debug|x86
		{709FFAC1-984C-4654-87C5-3E7F94D54C09}.Release|x86.Build.0 = Release|x86
		{709FFAC1-984C-4654-87C5-3E7F94D54C09}.Release|x86.ActiveCfg = Release|x86
		{1370A585-3DC5-4503-AF0B-B9F9726ADE80}.Debug|x86.Build.0 = Debug|x86
		{1370A585-3DC5-4503-AF0B-B9F9726ADE80}.Debug|x86.ActiveCfg = Debug|x86
		{1370A585-3DC5-4503-AF0B-B9F9726ADE80}.Release|x86.Build.0 = Release|x86
		{1370A585-3DC5-4503-AF0B-B9F9726ADE80}.Release|x86.ActiveCfg = Release|x86
		{69E32101-1A74-449B-89A2-CCF2D6D2203C}.Debug|x86.Build.0 = Debug|x86
		{69E32101-1A74-449B-89A2-CCF2D6D2203C}.Debug|x86.ActiveCfg = Debug|x86
		{69E32101-1A74-449B-89A2-CCF2D6D2203C}.Release|x86.Build.0 = Release|x86
		{69E32101-1A74-449B-89A2-CCF2D6D2203C}.Release|x86.ActiveCfg = Release|x86
	EndGlobalSection
EndGlobal
