
Microsoft Visual Studio Solution File, Format Version 12.00
# Visual Studio 2012
# Ranorex Studio 10.1.0
VisualStudioVersion = 12.0.20827.3
MinimumVisualStudioVersion = 10.0.40219.1
Project("{2150E333-8FDC-42A3-9474-1A3956D46DE8}") = "Solution Items", "Solution Items", "{6A2B30FC-360E-44D4-B1A5-974933B6B9D6}"
	ProjectSection(SolutionItems) = postProject
		Ranorex = .\Ranorex.rxsettings
	EndProjectSection
EndProject
Project("{FAE04EC0-301F-11D3-BF4B-00C04F79EFBC}") = "N_ANLA_001", "N_ANLA_001\N_ANLA_001.csproj", "{1070DEC1-A114-4AB5-9FAF-2344802C3C61}"
EndProject
Project("{FAE04EC0-301F-11D3-BF4B-00C04F79EFBC}") = "N_ANLA_002", "N_ANLA_002\N_ANLA_002.csproj", "{FB16DD6A-8EB3-44EC-8AFC-66E771F0510E}"
EndProject
Global
	GlobalSection(SolutionConfigurationPlatforms) = preSolution
		Debug|x86 = Debug|x86
		Release|x86 = Release|x86
	EndGlobalSection
	GlobalSection(ProjectConfigurationPlatforms) = postSolution
		{1070DEC1-A114-4AB5-9FAF-2344802C3C61}.Debug|x86.Build.0 = Debug|x86
		{1070DEC1-A114-4AB5-9FAF-2344802C3C61}.Debug|x86.ActiveCfg = Debug|x86
		{1070DEC1-A114-4AB5-9FAF-2344802C3C61}.Release|x86.Build.0 = Release|x86
		{1070DEC1-A114-4AB5-9FAF-2344802C3C61}.Release|x86.ActiveCfg = Release|x86
		{FB16DD6A-8EB3-44EC-8AFC-66E771F0510E}.Debug|x86.Build.0 = Debug|x86
		{FB16DD6A-8EB3-44EC-8AFC-66E771F0510E}.Debug|x86.ActiveCfg = Debug|x86
		{FB16DD6A-8EB3-44EC-8AFC-66E771F0510E}.Release|x86.Build.0 = Release|x86
		{FB16DD6A-8EB3-44EC-8AFC-66E771F0510E}.Release|x86.ActiveCfg = Release|x86
	EndGlobalSection
EndGlobal
