
Microsoft Visual Studio Solution File, Format Version 11.00
# Visual Studio 2010
# Ranorex Studio 8.3
Project("{2150E333-8FDC-42A3-9474-1A3956D46DE8}") = "Solution Items", "Solution Items", "{77A1F7C9-2779-4728-9F37-8ED41647A7B3}"
	ProjectSection(SolutionItems) = postProject
		Ranorex = .\Ranorex.rxsettings
	EndProjectSection
EndProject
Project("{FAE04EC0-301F-11D3-BF4B-00C04F79EFBC}") = "Servicecenter", "Servicecenter\Servicecenter.csproj", "{DE12F255-A4F8-42C8-B28A-390772ECA890}"
EndProject
Project("{FAE04EC0-301F-11D3-BF4B-00C04F79EFBC}") = "Ranorex Automation Helpers", "RanorexAutomationHelpers\Ranorex Automation Helpers.csproj", "{BCDED1DF-2EC2-4D0B-8FF3-BEBF7C15BAF3}"
EndProject
Global
	GlobalSection(SolutionConfigurationPlatforms) = preSolution
		Debug|x86 = Debug|x86
		Release|x86 = Release|x86
	EndGlobalSection
	GlobalSection(ProjectConfigurationPlatforms) = postSolution
		{DE12F255-A4F8-42C8-B28A-390772ECA890}.Debug|x86.Build.0 = Debug|x86
		{DE12F255-A4F8-42C8-B28A-390772ECA890}.Debug|x86.ActiveCfg = Debug|x86
		{DE12F255-A4F8-42C8-B28A-390772ECA890}.Release|x86.Build.0 = Release|x86
		{DE12F255-A4F8-42C8-B28A-390772ECA890}.Release|x86.ActiveCfg = Release|x86
		{BCDED1DF-2EC2-4D0B-8FF3-BEBF7C15BAF3}.Debug|x86.Build.0 = Debug|x86
		{BCDED1DF-2EC2-4D0B-8FF3-BEBF7C15BAF3}.Debug|x86.ActiveCfg = Debug|x86
		{BCDED1DF-2EC2-4D0B-8FF3-BEBF7C15BAF3}.Release|x86.Build.0 = Release|x86
		{BCDED1DF-2EC2-4D0B-8FF3-BEBF7C15BAF3}.Release|x86.ActiveCfg = Release|x86
	EndGlobalSection
EndGlobal
