
Microsoft Visual Studio Solution File, Format Version 12.00
# Visual Studio 2012
# Ranorex Studio 10.1.0
VisualStudioVersion = 12.0.20827.3
MinimumVisualStudioVersion = 10.0.40219.1
Project("{2150E333-8FDC-42A3-9474-1A3956D46DE8}") = "Solution Items", "Solution Items", "{BF518FB8-5941-4160-82EB-BDE86D8F2060}"
	ProjectSection(SolutionItems) = postProject
		Ranorex = .\Ranorex.rxsettings
	EndProjectSection
EndProject
Project("{FAE04EC0-301F-11D3-BF4B-00C04F79EFBC}") = "B_BUKA_001", "B_BUKA_001\B_BUKA_001.csproj", "{6E62F92B-43EE-43C8-BD2F-21903B1EE24C}"
EndProject
Project("{FAE04EC0-301F-11D3-BF4B-00C04F79EFBC}") = "B_BUKA_002", "B_BUKA_002\B_BUKA_002.csproj", "{F936CFD9-C7DA-45C0-BD8C-E9F41D40195F}"
EndProject
Project("{FAE04EC0-301F-11D3-BF4B-00C04F79EFBC}") = "B_BUKA_003", "B_BUKA_003\B_BUKA_003.csproj", "{0E185739-6CF9-40C5-8203-3D0DB7DBBCF9}"
EndProject
Project("{FAE04EC0-301F-11D3-BF4B-00C04F79EFBC}") = "B_BUKA_004", "B_BUKA_004\B_BUKA_004.csproj", "{1A65B133-29BD-47FF-AFCC-A0B8B51134B8}"
EndProject
Project("{FAE04EC0-301F-11D3-BF4B-00C04F79EFBC}") = "B_BUKA_005", "B_BUKA_005\B_BUKA_005.csproj", "{F7548920-54AE-48E8-AB4D-A0D84058CCE0}"
EndProject
Project("{FAE04EC0-301F-11D3-BF4B-00C04F79EFBC}") = "B_BUKA_007", "B_BUKA_007\B_BUKA_007.csproj", "{BA42358D-7DC9-48B4-8DD5-2237A94EFD5E}"
EndProject
Project("{FAE04EC0-301F-11D3-BF4B-00C04F79EFBC}") = "B_BUKA_006", "B_BUKA_006\B_BUKA_006.csproj", "{CC56BA93-A04F-41CD-AB33-9E5C897B48D2}"
EndProject
Project("{FAE04EC0-301F-11D3-BF4B-00C04F79EFBC}") = "Ranorex Automation Helpers", "RanorexAutomationHelpers\Ranorex Automation Helpers.csproj", "{C04E1D81-E456-42C2-B24A-272194175813}"
EndProject
Global
	GlobalSection(SolutionConfigurationPlatforms) = preSolution
		Debug|x86 = Debug|x86
		Release|x86 = Release|x86
	EndGlobalSection
	GlobalSection(ProjectConfigurationPlatforms) = postSolution
		{6E62F92B-43EE-43C8-BD2F-21903B1EE24C}.Debug|x86.Build.0 = Debug|x86
		{6E62F92B-43EE-43C8-BD2F-21903B1EE24C}.Debug|x86.ActiveCfg = Debug|x86
		{6E62F92B-43EE-43C8-BD2F-21903B1EE24C}.Release|x86.Build.0 = Release|x86
		{6E62F92B-43EE-43C8-BD2F-21903B1EE24C}.Release|x86.ActiveCfg = Release|x86
		{F936CFD9-C7DA-45C0-BD8C-E9F41D40195F}.Debug|x86.Build.0 = Debug|x86
		{F936CFD9-C7DA-45C0-BD8C-E9F41D40195F}.Debug|x86.ActiveCfg = Debug|x86
		{F936CFD9-C7DA-45C0-BD8C-E9F41D40195F}.Release|x86.Build.0 = Release|x86
		{F936CFD9-C7DA-45C0-BD8C-E9F41D40195F}.Release|x86.ActiveCfg = Release|x86
		{0E185739-6CF9-40C5-8203-3D0DB7DBBCF9}.Debug|x86.Build.0 = Debug|x86
		{0E185739-6CF9-40C5-8203-3D0DB7DBBCF9}.Debug|x86.ActiveCfg = Debug|x86
		{0E185739-6CF9-40C5-8203-3D0DB7DBBCF9}.Release|x86.Build.0 = Release|x86
		{0E185739-6CF9-40C5-8203-3D0DB7DBBCF9}.Release|x86.ActiveCfg = Release|x86
		{1A65B133-29BD-47FF-AFCC-A0B8B51134B8}.Debug|x86.Build.0 = Debug|x86
		{1A65B133-29BD-47FF-AFCC-A0B8B51134B8}.Debug|x86.ActiveCfg = Debug|x86
		{1A65B133-29BD-47FF-AFCC-A0B8B51134B8}.Release|x86.Build.0 = Release|x86
		{1A65B133-29BD-47FF-AFCC-A0B8B51134B8}.Release|x86.ActiveCfg = Release|x86
		{F7548920-54AE-48E8-AB4D-A0D84058CCE0}.Debug|x86.Build.0 = Debug|x86
		{F7548920-54AE-48E8-AB4D-A0D84058CCE0}.Debug|x86.ActiveCfg = Debug|x86
		{F7548920-54AE-48E8-AB4D-A0D84058CCE0}.Release|x86.Build.0 = Release|x86
		{F7548920-54AE-48E8-AB4D-A0D84058CCE0}.Release|x86.ActiveCfg = Release|x86
		{BA42358D-7DC9-48B4-8DD5-2237A94EFD5E}.Debug|x86.Build.0 = Debug|x86
		{BA42358D-7DC9-48B4-8DD5-2237A94EFD5E}.Debug|x86.ActiveCfg = Debug|x86
		{BA42358D-7DC9-48B4-8DD5-2237A94EFD5E}.Release|x86.Build.0 = Release|x86
		{BA42358D-7DC9-48B4-8DD5-2237A94EFD5E}.Release|x86.ActiveCfg = Release|x86
		{CC56BA93-A04F-41CD-AB33-9E5C897B48D2}.Debug|x86.Build.0 = Debug|x86
		{CC56BA93-A04F-41CD-AB33-9E5C897B48D2}.Debug|x86.ActiveCfg = Debug|x86
		{CC56BA93-A04F-41CD-AB33-9E5C897B48D2}.Release|x86.Build.0 = Release|x86
		{CC56BA93-A04F-41CD-AB33-9E5C897B48D2}.Release|x86.ActiveCfg = Release|x86
		{C04E1D81-E456-42C2-B24A-272194175813}.Debug|x86.Build.0 = Debug|x86
		{C04E1D81-E456-42C2-B24A-272194175813}.Debug|x86.ActiveCfg = Debug|x86
		{C04E1D81-E456-42C2-B24A-272194175813}.Release|x86.Build.0 = Release|x86
		{C04E1D81-E456-42C2-B24A-272194175813}.Release|x86.ActiveCfg = Release|x86
	EndGlobalSection
EndGlobal
