
Microsoft Visual Studio Solution File, Format Version 12.00
# Visual Studio 2012
# Ranorex Studio 10.1.0
VisualStudioVersion = 12.0.20827.3
MinimumVisualStudioVersion = 10.0.40219.1
Project("{2150E333-8FDC-42A3-9474-1A3956D46DE8}") = "Solution Items", "Solution Items", "{31CCC5F5-8980-418A-B89D-8B50F2CA17AC}"
	ProjectSection(SolutionItems) = postProject
		Ranorex = .\Ranorex.rxsettings
	EndProjectSection
EndProject
Project("{FAE04EC0-301F-11D3-BF4B-00C04F79EFBC}") = "E_INFO_001", "E_INFO_001\E_INFO_001.csproj", "{6CDE14C0-EEAD-4712-A6AA-9FECC15FFC27}"
EndProject
Project("{FAE04EC0-301F-11D3-BF4B-00C04F79EFBC}") = "E_INFO_002", "E_INFO_002\E_INFO_002.csproj", "{41A908BE-6930-4128-B5FA-5E2D5B904111}"
EndProject
Global
	GlobalSection(SolutionConfigurationPlatforms) = preSolution
		Debug|x86 = Debug|x86
		Release|x86 = Release|x86
	EndGlobalSection
	GlobalSection(ProjectConfigurationPlatforms) = postSolution
		{6CDE14C0-EEAD-4712-A6AA-9FECC15FFC27}.Debug|x86.Build.0 = Debug|x86
		{6CDE14C0-EEAD-4712-A6AA-9FECC15FFC27}.Debug|x86.ActiveCfg = Debug|x86
		{6CDE14C0-EEAD-4712-A6AA-9FECC15FFC27}.Release|x86.Build.0 = Release|x86
		{6CDE14C0-EEAD-4712-A6AA-9FECC15FFC27}.Release|x86.ActiveCfg = Release|x86
		{41A908BE-6930-4128-B5FA-5E2D5B904111}.Debug|x86.Build.0 = Debug|x86
		{41A908BE-6930-4128-B5FA-5E2D5B904111}.Debug|x86.ActiveCfg = Debug|x86
		{41A908BE-6930-4128-B5FA-5E2D5B904111}.Release|x86.Build.0 = Release|x86
		{41A908BE-6930-4128-B5FA-5E2D5B904111}.Release|x86.ActiveCfg = Release|x86
	EndGlobalSection
EndGlobal
