
Microsoft Visual Studio Solution File, Format Version 12.00
# Visual Studio 2012
# Ranorex Studio 10.1.0
VisualStudioVersion = 12.0.20827.3
MinimumVisualStudioVersion = 10.0.40219.1
Project("{2150E333-8FDC-42A3-9474-1A3956D46DE8}") = "Solution Items", "Solution Items", "{EA07AFE0-CB23-457B-B249-9B6CC272539E}"
	ProjectSection(SolutionItems) = postProject
		Ranorex = .\Ranorex.rxsettings
	EndProjectSection
EndProject
Project("{FAE04EC0-301F-11D3-BF4B-00C04F79EFBC}") = "B_KTO_001", "B_KTO_001\B_KTO_001.csproj", "{0E0691DD-C3E6-476C-88DC-8D09BA8EC904}"
EndProject
Project("{FAE04EC0-301F-11D3-BF4B-00C04F79EFBC}") = "B_KTO_002", "B_KTO_002\B_KTO_002.csproj", "{B2BDC7B4-57BE-4C41-B6AC-1EF55AA4AC4A}"
EndProject
Project("{FAE04EC0-301F-11D3-BF4B-00C04F79EFBC}") = "B_KTO_003", "B_KTO_003\B_KTO_003.csproj", "{1EF92BAC-BD60-42D0-B1EB-119B82695845}"
EndProject
Project("{FAE04EC0-301F-11D3-BF4B-00C04F79EFBC}") = "B_KTO_004", "B_KTO_004\B_KTO_004.csproj", "{B27DB537-3EE7-47B3-BC26-2FF768576952}"
EndProject
Global
	GlobalSection(SolutionConfigurationPlatforms) = preSolution
		Debug|x86 = Debug|x86
		Release|x86 = Release|x86
	EndGlobalSection
	GlobalSection(ProjectConfigurationPlatforms) = postSolution
		{0E0691DD-C3E6-476C-88DC-8D09BA8EC904}.Debug|x86.Build.0 = Debug|x86
		{0E0691DD-C3E6-476C-88DC-8D09BA8EC904}.Debug|x86.ActiveCfg = Debug|x86
		{0E0691DD-C3E6-476C-88DC-8D09BA8EC904}.Release|x86.Build.0 = Release|x86
		{0E0691DD-C3E6-476C-88DC-8D09BA8EC904}.Release|x86.ActiveCfg = Release|x86
		{B2BDC7B4-57BE-4C41-B6AC-1EF55AA4AC4A}.Debug|x86.Build.0 = Debug|x86
		{B2BDC7B4-57BE-4C41-B6AC-1EF55AA4AC4A}.Debug|x86.ActiveCfg = Debug|x86
		{B2BDC7B4-57BE-4C41-B6AC-1EF55AA4AC4A}.Release|x86.Build.0 = Release|x86
		{B2BDC7B4-57BE-4C41-B6AC-1EF55AA4AC4A}.Release|x86.ActiveCfg = Release|x86
		{1EF92BAC-BD60-42D0-B1EB-119B82695845}.Debug|x86.Build.0 = Debug|x86
		{1EF92BAC-BD60-42D0-B1EB-119B82695845}.Debug|x86.ActiveCfg = Debug|x86
		{1EF92BAC-BD60-42D0-B1EB-119B82695845}.Release|x86.Build.0 = Release|x86
		{1EF92BAC-BD60-42D0-B1EB-119B82695845}.Release|x86.ActiveCfg = Release|x86
		{B27DB537-3EE7-47B3-BC26-2FF768576952}.Debug|x86.Build.0 = Debug|x86
		{B27DB537-3EE7-47B3-BC26-2FF768576952}.Debug|x86.ActiveCfg = Debug|x86
		{B27DB537-3EE7-47B3-BC26-2FF768576952}.Release|x86.Build.0 = Release|x86
		{B27DB537-3EE7-47B3-BC26-2FF768576952}.Release|x86.ActiveCfg = Release|x86
	EndGlobalSection
EndGlobal
