
Microsoft Visual Studio Solution File, Format Version 12.00
# Visual Studio 2012
# Ranorex Studio 10.1.0
VisualStudioVersion = 12.0.20827.3
MinimumVisualStudioVersion = 10.0.40219.1
Project("{2150E333-8FDC-42A3-9474-1A3956D46DE8}") = "Solution Items", "Solution Items", "{0FA36385-9704-489A-943E-19031C06F130}"
	ProjectSection(SolutionItems) = postProject
		Ranorex = .\Ranorex.rxsettings
	EndProjectSection
EndProject
Project("{FAE04EC0-301F-11D3-BF4B-00C04F79EFBC}") = "S_ZLBD_Schnelltest", "S_ZLBD_Schnelltest\S_ZLBD_Schnelltest.csproj", "{76AE6B63-D0F1-47EC-9F33-789FA518C610}"
EndProject
Project("{FAE04EC0-301F-11D3-BF4B-00C04F79EFBC}") = "S_ALLTAB_Schnelltest", "S_ALLTAB_Schnelltest\S_ALLTAB_Schnelltest.csproj", "{22CA49F8-A780-4E05-ADDC-22331608D709}"
EndProject
Project("{FAE04EC0-301F-11D3-BF4B-00C04F79EFBC}") = "S_ZART_Schnelltest", "S_ZART_Schnelltest\S_ZART_Schnelltest.csproj", "{36F0D043-C78B-43E4-9FBE-2D44437D5FEB}"
EndProject
Project("{FAE04EC0-301F-11D3-BF4B-00C04F79EFBC}") = "S_LAND_Schnelltest", "S_LAND_Schnelltest\S_LAND_Schnelltest.csproj", "{634E2505-A73A-4C50-8AB6-0D8848B64F72}"
EndProject
Project("{FAE04EC0-301F-11D3-BF4B-00C04F79EFBC}") = "S_ADG_Schnelltest", "S_ADG_Schnelltest\S_ADG_Schnelltest.csproj", "{09D33E59-CB10-4F9A-9590-37FAD39AF6C3}"
EndProject
Project("{FAE04EC0-301F-11D3-BF4B-00C04F79EFBC}") = "S_AGR_Schnelltest", "S_AGR_Schnelltest\S_AGR_Schnelltest.csproj", "{EC807B10-5E39-4A8F-8D4B-3CAA0B4526E2}"
EndProject
Project("{FAE04EC0-301F-11D3-BF4B-00C04F79EFBC}") = "S_ADRDR_Schnelltest", "S_ADRDR_Schnelltest\S_ADRDR_Schnelltest.csproj", "{327F06C1-65F8-4C2D-AB07-C17C96A9FC84}"
EndProject
Project("{FAE04EC0-301F-11D3-BF4B-00C04F79EFBC}") = "S_AKTA_Schnelltest", "S_AKTA_Schnelltest\S_AKTA_Schnelltest.csproj", "{8AE3D85D-472C-45BB-AD1E-B85D2015976F}"
EndProject
Project("{FAE04EC0-301F-11D3-BF4B-00C04F79EFBC}") = "S_BELA_Schnelltest", "S_BELA_Schnelltest\S_BELA_Schnelltest.csproj", "{629B0B60-8F47-484D-8003-7BF4001764AE}"
EndProject
Project("{FAE04EC0-301F-11D3-BF4B-00C04F79EFBC}") = "S_FUGR_Schnelltest", "S_FUGR_Schnelltest\S_FUGR_Schnelltest.csproj", "{7D494776-3C6F-4ECF-9EBA-8DDC11E53A5A}"
EndProject
Project("{FAE04EC0-301F-11D3-BF4B-00C04F79EFBC}") = "S_GA_Schnelltest", "S_GA_Schnelltest\S_GA_Schnelltest.csproj", "{1ECCC90A-E3B7-44BB-B176-E110B693EBAF}"
EndProject
Project("{FAE04EC0-301F-11D3-BF4B-00C04F79EFBC}") = "S_GAA_Schnelltest", "S_GAA_Schnelltest\S_GAA_Schnelltest.csproj", "{1530C448-8E89-419F-857D-C35D0020FC4A}"
EndProject
Project("{FAE04EC0-301F-11D3-BF4B-00C04F79EFBC}") = "S_GFG_Schnelltest", "S_GFG\S_GFG_Schnelltest.csproj", "{2A0AA734-897A-4C59-BC7C-F703BFF06654}"
EndProject
Project("{FAE04EC0-301F-11D3-BF4B-00C04F79EFBC}") = "S_MAZ_Schnelltest", "S_MAZ_Schnelltest\S_MAZ_Schnelltest.csproj", "{22EEBAA2-E891-4E1C-89F0-DD55B80477D8}"
EndProject
Project("{FAE04EC0-301F-11D3-BF4B-00C04F79EFBC}") = "S_MEH_Schnelltest", "S_MEH_Schnelltest\S_MEH_Schnelltest.csproj", "{C925F1A7-FCAF-4B5B-9A9A-96F95C49FFF7}"
EndProject
Global
	GlobalSection(SolutionConfigurationPlatforms) = preSolution
		Debug|x86 = Debug|x86
		Release|x86 = Release|x86
	EndGlobalSection
	GlobalSection(ProjectConfigurationPlatforms) = postSolution
		{76AE6B63-D0F1-47EC-9F33-789FA518C610}.Debug|x86.Build.0 = Debug|x86
		{76AE6B63-D0F1-47EC-9F33-789FA518C610}.Debug|x86.ActiveCfg = Debug|x86
		{76AE6B63-D0F1-47EC-9F33-789FA518C610}.Release|x86.Build.0 = Release|x86
		{76AE6B63-D0F1-47EC-9F33-789FA518C610}.Release|x86.ActiveCfg = Release|x86
		{22CA49F8-A780-4E05-ADDC-22331608D709}.Debug|x86.Build.0 = Debug|x86
		{22CA49F8-A780-4E05-ADDC-22331608D709}.Debug|x86.ActiveCfg = Debug|x86
		{22CA49F8-A780-4E05-ADDC-22331608D709}.Release|x86.Build.0 = Release|x86
		{22CA49F8-A780-4E05-ADDC-22331608D709}.Release|x86.ActiveCfg = Release|x86
		{36F0D043-C78B-43E4-9FBE-2D44437D5FEB}.Debug|x86.Build.0 = Debug|x86
		{36F0D043-C78B-43E4-9FBE-2D44437D5FEB}.Debug|x86.ActiveCfg = Debug|x86
		{36F0D043-C78B-43E4-9FBE-2D44437D5FEB}.Release|x86.Build.0 = Release|x86
		{36F0D043-C78B-43E4-9FBE-2D44437D5FEB}.Release|x86.ActiveCfg = Release|x86
		{634E2505-A73A-4C50-8AB6-0D8848B64F72}.Debug|x86.Build.0 = Debug|x86
		{634E2505-A73A-4C50-8AB6-0D8848B64F72}.Debug|x86.ActiveCfg = Debug|x86
		{634E2505-A73A-4C50-8AB6-0D8848B64F72}.Release|x86.Build.0 = Release|x86
		{634E2505-A73A-4C50-8AB6-0D8848B64F72}.Release|x86.ActiveCfg = Release|x86
		{09D33E59-CB10-4F9A-9590-37FAD39AF6C3}.Debug|x86.Build.0 = Debug|x86
		{09D33E59-CB10-4F9A-9590-37FAD39AF6C3}.Debug|x86.ActiveCfg = Debug|x86
		{09D33E59-CB10-4F9A-9590-37FAD39AF6C3}.Release|x86.Build.0 = Release|x86
		{09D33E59-CB10-4F9A-9590-37FAD39AF6C3}.Release|x86.ActiveCfg = Release|x86
		{EC807B10-5E39-4A8F-8D4B-3CAA0B4526E2}.Debug|x86.Build.0 = Debug|x86
		{EC807B10-5E39-4A8F-8D4B-3CAA0B4526E2}.Debug|x86.ActiveCfg = Debug|x86
		{EC807B10-5E39-4A8F-8D4B-3CAA0B4526E2}.Release|x86.Build.0 = Release|x86
		{EC807B10-5E39-4A8F-8D4B-3CAA0B4526E2}.Release|x86.ActiveCfg = Release|x86
		{327F06C1-65F8-4C2D-AB07-C17C96A9FC84}.Debug|x86.Build.0 = Debug|x86
		{327F06C1-65F8-4C2D-AB07-C17C96A9FC84}.Debug|x86.ActiveCfg = Debug|x86
		{327F06C1-65F8-4C2D-AB07-C17C96A9FC84}.Release|x86.Build.0 = Release|x86
		{327F06C1-65F8-4C2D-AB07-C17C96A9FC84}.Release|x86.ActiveCfg = Release|x86
		{8AE3D85D-472C-45BB-AD1E-B85D2015976F}.Debug|x86.Build.0 = Debug|x86
		{8AE3D85D-472C-45BB-AD1E-B85D2015976F}.Debug|x86.ActiveCfg = Debug|x86
		{8AE3D85D-472C-45BB-AD1E-B85D2015976F}.Release|x86.Build.0 = Release|x86
		{8AE3D85D-472C-45BB-AD1E-B85D2015976F}.Release|x86.ActiveCfg = Release|x86
		{629B0B60-8F47-484D-8003-7BF4001764AE}.Debug|x86.Build.0 = Debug|x86
		{629B0B60-8F47-484D-8003-7BF4001764AE}.Debug|x86.ActiveCfg = Debug|x86
		{629B0B60-8F47-484D-8003-7BF4001764AE}.Release|x86.Build.0 = Release|x86
		{629B0B60-8F47-484D-8003-7BF4001764AE}.Release|x86.ActiveCfg = Release|x86
		{7D494776-3C6F-4ECF-9EBA-8DDC11E53A5A}.Debug|x86.Build.0 = Debug|x86
		{7D494776-3C6F-4ECF-9EBA-8DDC11E53A5A}.Debug|x86.ActiveCfg = Debug|x86
		{7D494776-3C6F-4ECF-9EBA-8DDC11E53A5A}.Release|x86.Build.0 = Release|x86
		{7D494776-3C6F-4ECF-9EBA-8DDC11E53A5A}.Release|x86.ActiveCfg = Release|x86
		{1ECCC90A-E3B7-44BB-B176-E110B693EBAF}.Debug|x86.Build.0 = Debug|x86
		{1ECCC90A-E3B7-44BB-B176-E110B693EBAF}.Debug|x86.ActiveCfg = Debug|x86
		{1ECCC90A-E3B7-44BB-B176-E110B693EBAF}.Release|x86.Build.0 = Release|x86
		{1ECCC90A-E3B7-44BB-B176-E110B693EBAF}.Release|x86.ActiveCfg = Release|x86
		{1530C448-8E89-419F-857D-C35D0020FC4A}.Debug|x86.Build.0 = Debug|x86
		{1530C448-8E89-419F-857D-C35D0020FC4A}.Debug|x86.ActiveCfg = Debug|x86
		{1530C448-8E89-419F-857D-C35D0020FC4A}.Release|x86.Build.0 = Release|x86
		{1530C448-8E89-419F-857D-C35D0020FC4A}.Release|x86.ActiveCfg = Release|x86
		{2A0AA734-897A-4C59-BC7C-F703BFF06654}.Debug|x86.Build.0 = Debug|x86
		{2A0AA734-897A-4C59-BC7C-F703BFF06654}.Debug|x86.ActiveCfg = Debug|x86
		{2A0AA734-897A-4C59-BC7C-F703BFF06654}.Release|x86.Build.0 = Release|x86
		{2A0AA734-897A-4C59-BC7C-F703BFF06654}.Release|x86.ActiveCfg = Release|x86
		{22EEBAA2-E891-4E1C-89F0-DD55B80477D8}.Debug|x86.Build.0 = Debug|x86
		{22EEBAA2-E891-4E1C-89F0-DD55B80477D8}.Debug|x86.ActiveCfg = Debug|x86
		{22EEBAA2-E891-4E1C-89F0-DD55B80477D8}.Release|x86.Build.0 = Release|x86
		{22EEBAA2-E891-4E1C-89F0-DD55B80477D8}.Release|x86.ActiveCfg = Release|x86
		{C925F1A7-FCAF-4B5B-9A9A-96F95C49FFF7}.Debug|x86.Build.0 = Debug|x86
		{C925F1A7-FCAF-4B5B-9A9A-96F95C49FFF7}.Debug|x86.ActiveCfg = Debug|x86
		{C925F1A7-FCAF-4B5B-9A9A-96F95C49FFF7}.Release|x86.Build.0 = Release|x86
		{C925F1A7-FCAF-4B5B-9A9A-96F95C49FFF7}.Release|x86.ActiveCfg = Release|x86
	EndGlobalSection
EndGlobal
