
Microsoft Visual Studio Solution File, Format Version 12.00
# Visual Studio 2012
# Ranorex Studio 10.1.0
VisualStudioVersion = 12.0.20827.3
MinimumVisualStudioVersion = 10.0.40219.1
Project("{FAE04EC0-301F-11D3-BF4B-00C04F79EFBC}") = "S_ZLBD_Schnelltest", "S_ZLBD_Schnelltest\S_ZLBD_Schnelltest.csproj", "{76AE6B63-D0F1-47EC-9F33-789FA518C610}"
EndProject
Project("{2150E333-8FDC-42A3-9474-1A3956D46DE8}") = "Solution Items", "Solution Items", "{0FA36385-9704-489A-943E-19031C06F130}"
	ProjectSection(SolutionItems) = postProject
		Ranorex = .\Ranorex.rxsettings
	EndProjectSection
EndProject
Global
	GlobalSection(SolutionConfigurationPlatforms) = preSolution
		Debug|x86 = Debug|x86
		Release|x86 = Release|x86
	EndGlobalSection
	GlobalSection(ProjectConfigurationPlatforms) = postSolution
		{76AE6B63-D0F1-47EC-9F33-789FA518C610}.Debug|x86.Build.0 = Debug|x86
		{76AE6B63-D0F1-47EC-9F33-789FA518C610}.Debug|x86.ActiveCfg = Debug|x86
		{76AE6B63-D0F1-47EC-9F33-789FA518C610}.Release|x86.Build.0 = Release|x86
		{76AE6B63-D0F1-47EC-9F33-789FA518C610}.Release|x86.ActiveCfg = Release|x86
	EndGlobalSection
EndGlobal
