
Microsoft Visual Studio Solution File, Format Version 12.00
# Visual Studio 2012
# Ranorex Studio 10.1.0
VisualStudioVersion = 12.0.20827.3
MinimumVisualStudioVersion = 10.0.40219.1
Project("{2150E333-8FDC-42A3-9474-1A3956D46DE8}") = "Solution Items", "Solution Items", "{F9A4A19D-5A85-4A2C-B81A-6F027C95220E}"
	ProjectSection(SolutionItems) = postProject
		Ranorex = .\Ranorex.rxsettings
	EndProjectSection
EndProject
Project("{FAE04EC0-301F-11D3-BF4B-00C04F79EFBC}") = "B_BUAB_001", "B_BUAB_001\B_BUAB_001.csproj", "{23DB03FF-1CDB-418F-BC2C-FA4E44AC1ED2}"
EndProject
Project("{FAE04EC0-301F-11D3-BF4B-00C04F79EFBC}") = "B_BUAB_002", "B_BUAB_002\B_BUAB_002.csproj", "{81D5EA81-31C3-458A-9257-D7063F78EC99}"
EndProject
Project("{FAE04EC0-301F-11D3-BF4B-00C04F79EFBC}") = "B_BUAB_003", "B_BUAB_003\B_BUAB_003.csproj", "{DB681E46-C0C8-42E0-8E40-033B353997D9}"
EndProject
Project("{FAE04EC0-301F-11D3-BF4B-00C04F79EFBC}") = "B_BUAB_004", "B_BUAB_004\B_BUAB_004.csproj", "{F8B62F81-BB15-425B-A82A-888D3AA7CCCD}"
EndProject
Project("{FAE04EC0-301F-11D3-BF4B-00C04F79EFBC}") = "B_BUAB_005", "B_BUAB_005\B_BUAB_005.csproj", "{0F1C7D17-3948-437D-8E57-5267748E20BE}"
EndProject
Project("{FAE04EC0-301F-11D3-BF4B-00C04F79EFBC}") = "Ranorex Automation Helpers", "RanorexAutomationHelpers\Ranorex Automation Helpers.csproj", "{5E8365B0-10C9-41CC-844D-4BBD4B5D09FB}"
EndProject
Project("{FAE04EC0-301F-11D3-BF4B-00C04F79EFBC}") = "B_BUAB_006", "B_BUAB_006\B_BUAB_006.csproj", "{F0C1B457-13AF-4C1C-9FA9-36A7D6F7C5CC}"
EndProject
Project("{FAE04EC0-301F-11D3-BF4B-00C04F79EFBC}") = "B_BUAB_007", "B_BUAB_007\B_BUAB_007.csproj", "{1F0B763E-60CF-46D1-9080-2F18780B7C09}"
EndProject
Global
	GlobalSection(SolutionConfigurationPlatforms) = preSolution
		Debug|x86 = Debug|x86
		Release|x86 = Release|x86
	EndGlobalSection
	GlobalSection(ProjectConfigurationPlatforms) = postSolution
		{23DB03FF-1CDB-418F-BC2C-FA4E44AC1ED2}.Debug|x86.Build.0 = Debug|x86
		{23DB03FF-1CDB-418F-BC2C-FA4E44AC1ED2}.Debug|x86.ActiveCfg = Debug|x86
		{23DB03FF-1CDB-418F-BC2C-FA4E44AC1ED2}.Release|x86.Build.0 = Release|x86
		{23DB03FF-1CDB-418F-BC2C-FA4E44AC1ED2}.Release|x86.ActiveCfg = Release|x86
		{81D5EA81-31C3-458A-9257-D7063F78EC99}.Debug|x86.Build.0 = Debug|x86
		{81D5EA81-31C3-458A-9257-D7063F78EC99}.Debug|x86.ActiveCfg = Debug|x86
		{81D5EA81-31C3-458A-9257-D7063F78EC99}.Release|x86.Build.0 = Release|x86
		{81D5EA81-31C3-458A-9257-D7063F78EC99}.Release|x86.ActiveCfg = Release|x86
		{DB681E46-C0C8-42E0-8E40-033B353997D9}.Debug|x86.Build.0 = Debug|x86
		{DB681E46-C0C8-42E0-8E40-033B353997D9}.Debug|x86.ActiveCfg = Debug|x86
		{DB681E46-C0C8-42E0-8E40-033B353997D9}.Release|x86.Build.0 = Release|x86
		{DB681E46-C0C8-42E0-8E40-033B353997D9}.Release|x86.ActiveCfg = Release|x86
		{F8B62F81-BB15-425B-A82A-888D3AA7CCCD}.Debug|x86.Build.0 = Debug|x86
		{F8B62F81-BB15-425B-A82A-888D3AA7CCCD}.Debug|x86.ActiveCfg = Debug|x86
		{F8B62F81-BB15-425B-A82A-888D3AA7CCCD}.Release|x86.Build.0 = Release|x86
		{F8B62F81-BB15-425B-A82A-888D3AA7CCCD}.Release|x86.ActiveCfg = Release|x86
		{0F1C7D17-3948-437D-8E57-5267748E20BE}.Debug|x86.Build.0 = Debug|x86
		{0F1C7D17-3948-437D-8E57-5267748E20BE}.Debug|x86.ActiveCfg = Debug|x86
		{0F1C7D17-3948-437D-8E57-5267748E20BE}.Release|x86.Build.0 = Release|x86
		{0F1C7D17-3948-437D-8E57-5267748E20BE}.Release|x86.ActiveCfg = Release|x86
		{5E8365B0-10C9-41CC-844D-4BBD4B5D09FB}.Debug|x86.Build.0 = Debug|x86
		{5E8365B0-10C9-41CC-844D-4BBD4B5D09FB}.Debug|x86.ActiveCfg = Debug|x86
		{5E8365B0-10C9-41CC-844D-4BBD4B5D09FB}.Release|x86.Build.0 = Release|x86
		{5E8365B0-10C9-41CC-844D-4BBD4B5D09FB}.Release|x86.ActiveCfg = Release|x86
		{F0C1B457-13AF-4C1C-9FA9-36A7D6F7C5CC}.Debug|x86.Build.0 = Debug|x86
		{F0C1B457-13AF-4C1C-9FA9-36A7D6F7C5CC}.Debug|x86.ActiveCfg = Debug|x86
		{F0C1B457-13AF-4C1C-9FA9-36A7D6F7C5CC}.Release|x86.Build.0 = Release|x86
		{F0C1B457-13AF-4C1C-9FA9-36A7D6F7C5CC}.Release|x86.ActiveCfg = Release|x86
		{1F0B763E-60CF-46D1-9080-2F18780B7C09}.Debug|x86.Build.0 = Debug|x86
		{1F0B763E-60CF-46D1-9080-2F18780B7C09}.Debug|x86.ActiveCfg = Debug|x86
		{1F0B763E-60CF-46D1-9080-2F18780B7C09}.Release|x86.Build.0 = Release|x86
		{1F0B763E-60CF-46D1-9080-2F18780B7C09}.Release|x86.ActiveCfg = Release|x86
	EndGlobalSection
EndGlobal
