
Microsoft Visual Studio Solution File, Format Version 12.00
# Visual Studio 2012
# Ranorex Studio 10.1.0
VisualStudioVersion = 12.0.20827.3
MinimumVisualStudioVersion = 10.0.40219.1
Project("{2150E333-8FDC-42A3-9474-1A3956D46DE8}") = "Solution Items", "Solution Items", "{00F46017-0F70-4528-9000-42658C34CA3D}"
	ProjectSection(SolutionItems) = postProject
		Ranorex = .\Ranorex.rxsettings
	EndProjectSection
EndProject
Project("{FAE04EC0-301F-11D3-BF4B-00C04F79EFBC}") = "B_BANK_Schnelltest", "B_BANK_Schnelltest\B_BANK_Schnelltest.csproj", "5D907CD3-807D-46BA-B3C5-039C284DE354"
EndProject
Project("{FAE04EC0-301F-11D3-BF4B-00C04F79EFBC}") = "B_BER_Schnelltest", "B_BER_Schnelltest\B_BER_Schnelltest.csproj", "{69769617-B554-43CF-9FFF-24BB28F5FA0D}"
EndProject
Project("{FAE04EC0-301F-11D3-BF4B-00C04F79EFBC}") = "B_BUSY_Schnelltest", "B_BUSY_Schnelltest\B_BUSY_Schnelltest.csproj", "{20481C06-7228-4570-845A-21824BA1D7E4}"
EndProject
Project("{FAE04EC0-301F-11D3-BF4B-00C04F79EFBC}") = "B_KTGR_Schnelltest", "B_KTGR_Schnelltest\B_KTGR_Schnelltest.csproj", "{7F5669C6-2953-4205-A7A3-CCAD27E35DB8}"
EndProject
Project("{FAE04EC0-301F-11D3-BF4B-00C04F79EFBC}") = "B_SAL_Schnelltest", "B_SAL_Schnelltest\B_SAL_Schnelltest.csproj", "{B5F624A1-174B-48EC-8594-30341403C243}"
EndProject
Project("{FAE04EC0-301F-11D3-BF4B-00C04F79EFBC}") = "B_MNST_Schnelltest", "B_MNST_Schnelltest\B_MNST_Schnelltest.csproj", "{01EF151D-22E0-4749-8D6D-FD27B03C54DF}"
EndProject
Project("{FAE04EC0-301F-11D3-BF4B-00C04F79EFBC}") = "S_ALLTAB_Schnelltest", "S_ALLTAB_Schnelltest\S_ALLTAB_Schnelltest.csproj", "{22CA49F8-A780-4E05-ADDC-22331608D709}"
EndProject
Project("{FAE04EC0-301F-11D3-BF4B-00C04F79EFBC}") = "S_ZART_Schnelltest", "S_ZART_Schnelltest\S_ZART_Schnelltest.csproj", "{36F0D043-C78B-43E4-9FBE-2D44437D5FEB}"
EndProject
Global
	GlobalSection(SolutionConfigurationPlatforms) = preSolution
		Debug|x86 = Debug|x86
		Release|x86 = Release|x86
	EndGlobalSection
	GlobalSection(ProjectConfigurationPlatforms) = postSolution
		5D907CD3-807D-46BA-B3C5-039C284DE354.Debug|x86.Build.0 = Debug|AnyCPU
		5D907CD3-807D-46BA-B3C5-039C284DE354.Debug|x86.ActiveCfg = Debug|AnyCPU
		5D907CD3-807D-46BA-B3C5-039C284DE354.Release|x86.Build.0 = Release|AnyCPU
		5D907CD3-807D-46BA-B3C5-039C284DE354.Release|x86.ActiveCfg = Release|AnyCPU
		{69769617-B554-43CF-9FFF-24BB28F5FA0D}.Debug|x86.Build.0 = Debug|x86
		{69769617-B554-43CF-9FFF-24BB28F5FA0D}.Debug|x86.ActiveCfg = Debug|x86
		{69769617-B554-43CF-9FFF-24BB28F5FA0D}.Release|x86.Build.0 = Release|x86
		{69769617-B554-43CF-9FFF-24BB28F5FA0D}.Release|x86.ActiveCfg = Release|x86
		{20481C06-7228-4570-845A-21824BA1D7E4}.Debug|x86.Build.0 = Debug|x86
		{20481C06-7228-4570-845A-21824BA1D7E4}.Debug|x86.ActiveCfg = Debug|x86
		{20481C06-7228-4570-845A-21824BA1D7E4}.Release|x86.Build.0 = Release|x86
		{20481C06-7228-4570-845A-21824BA1D7E4}.Release|x86.ActiveCfg = Release|x86
		{7F5669C6-2953-4205-A7A3-CCAD27E35DB8}.Debug|x86.Build.0 = Debug|x86
		{7F5669C6-2953-4205-A7A3-CCAD27E35DB8}.Debug|x86.ActiveCfg = Debug|x86
		{7F5669C6-2953-4205-A7A3-CCAD27E35DB8}.Release|x86.Build.0 = Release|x86
		{7F5669C6-2953-4205-A7A3-CCAD27E35DB8}.Release|x86.ActiveCfg = Release|x86
		{B5F624A1-174B-48EC-8594-30341403C243}.Debug|x86.Build.0 = Debug|x86
		{B5F624A1-174B-48EC-8594-30341403C243}.Debug|x86.ActiveCfg = Debug|x86
		{B5F624A1-174B-48EC-8594-30341403C243}.Release|x86.Build.0 = Release|x86
		{B5F624A1-174B-48EC-8594-30341403C243}.Release|x86.ActiveCfg = Release|x86
		{01EF151D-22E0-4749-8D6D-FD27B03C54DF}.Debug|x86.Build.0 = Debug|x86
		{01EF151D-22E0-4749-8D6D-FD27B03C54DF}.Debug|x86.ActiveCfg = Debug|x86
		{01EF151D-22E0-4749-8D6D-FD27B03C54DF}.Release|x86.Build.0 = Release|x86
		{01EF151D-22E0-4749-8D6D-FD27B03C54DF}.Release|x86.ActiveCfg = Release|x86
		{22CA49F8-A780-4E05-ADDC-22331608D709}.Debug|x86.Build.0 = Debug|x86
		{22CA49F8-A780-4E05-ADDC-22331608D709}.Debug|x86.ActiveCfg = Debug|x86
		{22CA49F8-A780-4E05-ADDC-22331608D709}.Release|x86.Build.0 = Release|x86
		{22CA49F8-A780-4E05-ADDC-22331608D709}.Release|x86.ActiveCfg = Release|x86
		{36F0D043-C78B-43E4-9FBE-2D44437D5FEB}.Debug|x86.Build.0 = Debug|x86
		{36F0D043-C78B-43E4-9FBE-2D44437D5FEB}.Debug|x86.ActiveCfg = Debug|x86
		{36F0D043-C78B-43E4-9FBE-2D44437D5FEB}.Release|x86.Build.0 = Release|x86
		{36F0D043-C78B-43E4-9FBE-2D44437D5FEB}.Release|x86.ActiveCfg = Release|x86
	EndGlobalSection
EndGlobal
