
Microsoft Visual Studio Solution File, Format Version 12.00
# Visual Studio 2012
# Ranorex Studio 10.1.0
VisualStudioVersion = 12.0.20827.3
MinimumVisualStudioVersion = 10.0.40219.1
Project("{2150E333-8FDC-42A3-9474-1A3956D46DE8}") = "Solution Items", "Solution Items", "{00F46017-0F70-4528-9000-42658C34CA3D}"
	ProjectSection(SolutionItems) = postProject
		Ranorex = .\Ranorex.rxsettings
	EndProjectSection
EndProject
Project("{FAE04EC0-301F-11D3-BF4B-00C04F79EFBC}") = "B_BANK_Schnelltest", "B_BANK_Schnelltest\B_BANK_Schnelltest.csproj", "5D907CD3-807D-46BA-B3C5-039C284DE354"
EndProject
Project("{FAE04EC0-301F-11D3-BF4B-00C04F79EFBC}") = "B_BER_Schnelltest", "B_BER_Schnelltest\B_BER_Schnelltest.csproj", "{69769617-B554-43CF-9FFF-24BB28F5FA0D}"
EndProject
Project("{FAE04EC0-301F-11D3-BF4B-00C04F79EFBC}") = "B_BUSY_Schnelltest", "B_BUSY_Schnelltest\B_BUSY_Schnelltest.csproj", "{20481C06-7228-4570-845A-21824BA1D7E4}"
EndProject
Project("{FAE04EC0-301F-11D3-BF4B-00C04F79EFBC}") = "B_KTGR_Schnelltest", "B_KTGR_Schnelltest\B_KTGR_Schnelltest.csproj", "{7F5669C6-2953-4205-A7A3-CCAD27E35DB8}"
EndProject
Project("{FAE04EC0-301F-11D3-BF4B-00C04F79EFBC}") = "B_SAL_Schnelltest", "B_SAL_Schnelltest\B_SAL_Schnelltest.csproj", "{B5F624A1-174B-48EC-8594-30341403C243}"
EndProject
Project("{FAE04EC0-301F-11D3-BF4B-00C04F79EFBC}") = "B_MNST_Schnelltest", "B_MNST_Schnelltest\B_MNST_Schnelltest.csproj", "{01EF151D-22E0-4749-8D6D-FD27B03C54DF}"
EndProject
Project("{FAE04EC0-301F-11D3-BF4B-00C04F79EFBC}") = "S_ALLTAB_Schnelltest", "S_ALLTAB_Schnelltest\S_ALLTAB_Schnelltest.csproj", "{22CA49F8-A780-4E05-ADDC-22331608D709}"
EndProject
Project("{FAE04EC0-301F-11D3-BF4B-00C04F79EFBC}") = "S_ZART_Schnelltest", "S_ZART_Schnelltest\S_ZART_Schnelltest.csproj", "{36F0D043-C78B-43E4-9FBE-2D44437D5FEB}"
EndProject
Project("{FAE04EC0-301F-11D3-BF4B-00C04F79EFBC}") = "B_EBUEB_B_EBERF_Schnelltest", "B_EBUEB_B_EBERF_Schnelltest\B_EBUEB_B_EBERF_Schnelltest.csproj", "{9F302ED3-4A61-4263-8138-867DCE340B77}"
EndProject
Project("{FAE04EC0-301F-11D3-BF4B-00C04F79EFBC}") = "B_BKAB_Schnelltest", "B_BKAB_Schnelltest\B_BKAB_Schnelltest.csproj", "{E4318BE5-FBA8-4302-9FFE-6EF7E6F88C9E}"
EndProject
Project("{FAE04EC0-301F-11D3-BF4B-00C04F79EFBC}") = "B_BKBL_Schnelltest", "B_BKBL_Schnelltest\B_BKBL_Schnelltest.csproj", "{303EC7E7-9E39-4D9F-81CB-388EBE69971C}"
EndProject
Project("{FAE04EC0-301F-11D3-BF4B-00C04F79EFBC}") = "B_KLBL_Schnelltest", "B_KLBL_Schnelltest\B_KLBL_Schnelltest.csproj", "{D3BB5BCA-13AE-456B-9FC3-E9C1D47158B5}"
EndProject
Project("{FAE04EC0-301F-11D3-BF4B-00C04F79EFBC}") = "B_KTBL_Schnelltest", "B_KTBL_Schnelltest\B_KTBL_Schnelltest.csproj", "{4F199A0A-5FD4-4BA7-B905-82AE485E163E}"
EndProject
Project("{FAE04EC0-301F-11D3-BF4B-00C04F79EFBC}") = "B_KTAB_Schnelltest", "B_KTAB_Schnelltest\B_KTAB_Schnelltest.csproj", "{10F5417C-996D-450F-B4A1-194DD61BA118}"
EndProject
Project("{FAE04EC0-301F-11D3-BF4B-00C04F79EFBC}") = "B_KTSALD_Schnelltest", "B_KTSALD_Schnelltest\B_KTSALD_Schnelltest.csproj", "{C0C07E77-B7D9-44D6-A0F5-071D54114538}"
EndProject
Project("{FAE04EC0-301F-11D3-BF4B-00C04F79EFBC}") = "B_KLLIQ_Schnelltest", "B_KLLIQ_Schnelltest\B_KLLIQ_Schnelltest.csproj", "{E06149DF-FC55-42BF-98E1-BADD0BAA7F50}"
EndProject
Project("{FAE04EC0-301F-11D3-BF4B-00C04F79EFBC}") = "B_KLUMS_Schnelltest", "B_KLUMS_Schnelltest\B_KLUMS_Schnelltest.csproj", "{89977476-9012-4CAA-9107-A5B1664D695D}"
EndProject
Project("{FAE04EC0-301F-11D3-BF4B-00C04F79EFBC}") = "B_KLUMSJ_Schnelltest", "B_KLUMSJ_Schnelltest\B_KLUMSJ_Schnelltest.csproj", "{C57749C1-2F14-4FB5-B4AD-A671B36A44CD}"
EndProject
Project("{FAE04EC0-301F-11D3-BF4B-00C04F79EFBC}") = "B_SALDB_Schnelltest", "B_SALDB_Schnelltest\B_SALDB_Schnelltest.csproj", "{03872EC7-7B8C-4C7F-9BF3-F9E383F98235}"
EndProject
Project("{FAE04EC0-301F-11D3-BF4B-00C04F79EFBC}") = "B_WUMS_Schnelltest", "B_WUMS_Schnelltest\B_WUMS_Schnelltest.csproj", "{7CDE4F01-9A31-4AD4-BF36-255F55792009}"
EndProject
Project("{FAE04EC0-301F-11D3-BF4B-00C04F79EFBC}") = "B_KTST_Schnelltest", "B_KTST_Schnelltest\B_KTST_Schnelltest.csproj", "{5A009EE5-EC21-41FA-A286-6EFB0128DA43}"
EndProject
Global
	GlobalSection(SolutionConfigurationPlatforms) = preSolution
		Debug|x86 = Debug|x86
		Release|x86 = Release|x86
	EndGlobalSection
	GlobalSection(ProjectConfigurationPlatforms) = postSolution
		5D907CD3-807D-46BA-B3C5-039C284DE354.Debug|x86.Build.0 = Debug|AnyCPU
		5D907CD3-807D-46BA-B3C5-039C284DE354.Debug|x86.ActiveCfg = Debug|AnyCPU
		5D907CD3-807D-46BA-B3C5-039C284DE354.Release|x86.Build.0 = Release|AnyCPU
		5D907CD3-807D-46BA-B3C5-039C284DE354.Release|x86.ActiveCfg = Release|AnyCPU
		{69769617-B554-43CF-9FFF-24BB28F5FA0D}.Debug|x86.Build.0 = Debug|x86
		{69769617-B554-43CF-9FFF-24BB28F5FA0D}.Debug|x86.ActiveCfg = Debug|x86
		{69769617-B554-43CF-9FFF-24BB28F5FA0D}.Release|x86.Build.0 = Release|x86
		{69769617-B554-43CF-9FFF-24BB28F5FA0D}.Release|x86.ActiveCfg = Release|x86
		{20481C06-7228-4570-845A-21824BA1D7E4}.Debug|x86.Build.0 = Debug|x86
		{20481C06-7228-4570-845A-21824BA1D7E4}.Debug|x86.ActiveCfg = Debug|x86
		{20481C06-7228-4570-845A-21824BA1D7E4}.Release|x86.Build.0 = Release|x86
		{20481C06-7228-4570-845A-21824BA1D7E4}.Release|x86.ActiveCfg = Release|x86
		{7F5669C6-2953-4205-A7A3-CCAD27E35DB8}.Debug|x86.Build.0 = Debug|x86
		{7F5669C6-2953-4205-A7A3-CCAD27E35DB8}.Debug|x86.ActiveCfg = Debug|x86
		{7F5669C6-2953-4205-A7A3-CCAD27E35DB8}.Release|x86.Build.0 = Release|x86
		{7F5669C6-2953-4205-A7A3-CCAD27E35DB8}.Release|x86.ActiveCfg = Release|x86
		{B5F624A1-174B-48EC-8594-30341403C243}.Debug|x86.Build.0 = Debug|x86
		{B5F624A1-174B-48EC-8594-30341403C243}.Debug|x86.ActiveCfg = Debug|x86
		{B5F624A1-174B-48EC-8594-30341403C243}.Release|x86.Build.0 = Release|x86
		{B5F624A1-174B-48EC-8594-30341403C243}.Release|x86.ActiveCfg = Release|x86
		{01EF151D-22E0-4749-8D6D-FD27B03C54DF}.Debug|x86.Build.0 = Debug|x86
		{01EF151D-22E0-4749-8D6D-FD27B03C54DF}.Debug|x86.ActiveCfg = Debug|x86
		{01EF151D-22E0-4749-8D6D-FD27B03C54DF}.Release|x86.Build.0 = Release|x86
		{01EF151D-22E0-4749-8D6D-FD27B03C54DF}.Release|x86.ActiveCfg = Release|x86
		{22CA49F8-A780-4E05-ADDC-22331608D709}.Debug|x86.Build.0 = Debug|x86
		{22CA49F8-A780-4E05-ADDC-22331608D709}.Debug|x86.ActiveCfg = Debug|x86
		{22CA49F8-A780-4E05-ADDC-22331608D709}.Release|x86.Build.0 = Release|x86
		{22CA49F8-A780-4E05-ADDC-22331608D709}.Release|x86.ActiveCfg = Release|x86
		{36F0D043-C78B-43E4-9FBE-2D44437D5FEB}.Debug|x86.Build.0 = Debug|x86
		{36F0D043-C78B-43E4-9FBE-2D44437D5FEB}.Debug|x86.ActiveCfg = Debug|x86
		{36F0D043-C78B-43E4-9FBE-2D44437D5FEB}.Release|x86.Build.0 = Release|x86
		{36F0D043-C78B-43E4-9FBE-2D44437D5FEB}.Release|x86.ActiveCfg = Release|x86
		{9F302ED3-4A61-4263-8138-867DCE340B77}.Debug|x86.Build.0 = Debug|x86
		{9F302ED3-4A61-4263-8138-867DCE340B77}.Debug|x86.ActiveCfg = Debug|x86
		{9F302ED3-4A61-4263-8138-867DCE340B77}.Release|x86.Build.0 = Release|x86
		{9F302ED3-4A61-4263-8138-867DCE340B77}.Release|x86.ActiveCfg = Release|x86
		{E4318BE5-FBA8-4302-9FFE-6EF7E6F88C9E}.Debug|x86.Build.0 = Debug|x86
		{E4318BE5-FBA8-4302-9FFE-6EF7E6F88C9E}.Debug|x86.ActiveCfg = Debug|x86
		{E4318BE5-FBA8-4302-9FFE-6EF7E6F88C9E}.Release|x86.Build.0 = Release|x86
		{E4318BE5-FBA8-4302-9FFE-6EF7E6F88C9E}.Release|x86.ActiveCfg = Release|x86
		{303EC7E7-9E39-4D9F-81CB-388EBE69971C}.Debug|x86.Build.0 = Debug|x86
		{303EC7E7-9E39-4D9F-81CB-388EBE69971C}.Debug|x86.ActiveCfg = Debug|x86
		{303EC7E7-9E39-4D9F-81CB-388EBE69971C}.Release|x86.Build.0 = Release|x86
		{303EC7E7-9E39-4D9F-81CB-388EBE69971C}.Release|x86.ActiveCfg = Release|x86
		{D3BB5BCA-13AE-456B-9FC3-E9C1D47158B5}.Debug|x86.Build.0 = Debug|x86
		{D3BB5BCA-13AE-456B-9FC3-E9C1D47158B5}.Debug|x86.ActiveCfg = Debug|x86
		{D3BB5BCA-13AE-456B-9FC3-E9C1D47158B5}.Release|x86.Build.0 = Release|x86
		{D3BB5BCA-13AE-456B-9FC3-E9C1D47158B5}.Release|x86.ActiveCfg = Release|x86
		{4F199A0A-5FD4-4BA7-B905-82AE485E163E}.Debug|x86.Build.0 = Debug|x86
		{4F199A0A-5FD4-4BA7-B905-82AE485E163E}.Debug|x86.ActiveCfg = Debug|x86
		{4F199A0A-5FD4-4BA7-B905-82AE485E163E}.Release|x86.Build.0 = Release|x86
		{4F199A0A-5FD4-4BA7-B905-82AE485E163E}.Release|x86.ActiveCfg = Release|x86
		{10F5417C-996D-450F-B4A1-194DD61BA118}.Debug|x86.Build.0 = Debug|x86
		{10F5417C-996D-450F-B4A1-194DD61BA118}.Debug|x86.ActiveCfg = Debug|x86
		{10F5417C-996D-450F-B4A1-194DD61BA118}.Release|x86.Build.0 = Release|x86
		{10F5417C-996D-450F-B4A1-194DD61BA118}.Release|x86.ActiveCfg = Release|x86
		{C0C07E77-B7D9-44D6-A0F5-071D54114538}.Debug|x86.Build.0 = Debug|x86
		{C0C07E77-B7D9-44D6-A0F5-071D54114538}.Debug|x86.ActiveCfg = Debug|x86
		{C0C07E77-B7D9-44D6-A0F5-071D54114538}.Release|x86.Build.0 = Release|x86
		{C0C07E77-B7D9-44D6-A0F5-071D54114538}.Release|x86.ActiveCfg = Release|x86
		{E06149DF-FC55-42BF-98E1-BADD0BAA7F50}.Debug|x86.Build.0 = Debug|x86
		{E06149DF-FC55-42BF-98E1-BADD0BAA7F50}.Debug|x86.ActiveCfg = Debug|x86
		{E06149DF-FC55-42BF-98E1-BADD0BAA7F50}.Release|x86.Build.0 = Release|x86
		{E06149DF-FC55-42BF-98E1-BADD0BAA7F50}.Release|x86.ActiveCfg = Release|x86
		{89977476-9012-4CAA-9107-A5B1664D695D}.Debug|x86.Build.0 = Debug|x86
		{89977476-9012-4CAA-9107-A5B1664D695D}.Debug|x86.ActiveCfg = Debug|x86
		{89977476-9012-4CAA-9107-A5B1664D695D}.Release|x86.Build.0 = Release|x86
		{89977476-9012-4CAA-9107-A5B1664D695D}.Release|x86.ActiveCfg = Release|x86
		{C57749C1-2F14-4FB5-B4AD-A671B36A44CD}.Debug|x86.Build.0 = Debug|x86
		{C57749C1-2F14-4FB5-B4AD-A671B36A44CD}.Debug|x86.ActiveCfg = Debug|x86
		{C57749C1-2F14-4FB5-B4AD-A671B36A44CD}.Release|x86.Build.0 = Release|x86
		{C57749C1-2F14-4FB5-B4AD-A671B36A44CD}.Release|x86.ActiveCfg = Release|x86
		{03872EC7-7B8C-4C7F-9BF3-F9E383F98235}.Debug|x86.Build.0 = Debug|x86
		{03872EC7-7B8C-4C7F-9BF3-F9E383F98235}.Debug|x86.ActiveCfg = Debug|x86
		{03872EC7-7B8C-4C7F-9BF3-F9E383F98235}.Release|x86.Build.0 = Release|x86
		{03872EC7-7B8C-4C7F-9BF3-F9E383F98235}.Release|x86.ActiveCfg = Release|x86
		{7CDE4F01-9A31-4AD4-BF36-255F55792009}.Debug|x86.Build.0 = Debug|x86
		{7CDE4F01-9A31-4AD4-BF36-255F55792009}.Debug|x86.ActiveCfg = Debug|x86
		{7CDE4F01-9A31-4AD4-BF36-255F55792009}.Release|x86.Build.0 = Release|x86
		{7CDE4F01-9A31-4AD4-BF36-255F55792009}.Release|x86.ActiveCfg = Release|x86
		{5A009EE5-EC21-41FA-A286-6EFB0128DA43}.Debug|x86.Build.0 = Debug|x86
		{5A009EE5-EC21-41FA-A286-6EFB0128DA43}.Debug|x86.ActiveCfg = Debug|x86
		{5A009EE5-EC21-41FA-A286-6EFB0128DA43}.Release|x86.Build.0 = Release|x86
		{5A009EE5-EC21-41FA-A286-6EFB0128DA43}.Release|x86.ActiveCfg = Release|x86
	EndGlobalSection
EndGlobal
