
Microsoft Visual Studio Solution File, Format Version 12.00
# Visual Studio 2012
# Ranorex Studio 10.1.0
VisualStudioVersion = 12.0.20827.3
MinimumVisualStudioVersion = 10.0.40219.1
Project("{2150E333-8FDC-42A3-9474-1A3956D46DE8}") = "Solution Items", "Solution Items", "{E25C1C7F-64A2-4A37-AF4C-81CD067A9A7D}"
	ProjectSection(SolutionItems) = postProject
		Ranorex = .\Ranorex.rxsettings
	EndProjectSection
EndProject
Project("{FAE04EC0-301F-11D3-BF4B-00C04F79EFBC}") = "V_LSDR_001", "V_LSDR_001\V_LSDR_001.csproj", "{AFCC01BD-F4E3-49D2-958B-E23D5E301C3A}"
EndProject
Global
	GlobalSection(SolutionConfigurationPlatforms) = preSolution
		Debug|x86 = Debug|x86
		Release|x86 = Release|x86
	EndGlobalSection
	GlobalSection(ProjectConfigurationPlatforms) = postSolution
		{AFCC01BD-F4E3-49D2-958B-E23D5E301C3A}.Debug|x86.Build.0 = Debug|x86
		{AFCC01BD-F4E3-49D2-958B-E23D5E301C3A}.Debug|x86.ActiveCfg = Debug|x86
		{AFCC01BD-F4E3-49D2-958B-E23D5E301C3A}.Release|x86.Build.0 = Release|x86
		{AFCC01BD-F4E3-49D2-958B-E23D5E301C3A}.Release|x86.ActiveCfg = Release|x86
	EndGlobalSection
EndGlobal
