
Microsoft Visual Studio Solution File, Format Version 12.00
# Visual Studio 2012
# Ranorex Studio 10.1.0
VisualStudioVersion = 12.0.20827.3
MinimumVisualStudioVersion = 10.0.40219.1
Project("{2150E333-8FDC-42A3-9474-1A3956D46DE8}") = "Solution Items", "Solution Items", "{F6A931FC-36F2-49D9-88C3-956C841DE96D}"
	ProjectSection(SolutionItems) = postProject
		Ranorex = .\Ranorex.rxsettings
	EndProjectSection
EndProject
Project("{FAE04EC0-301F-11D3-BF4B-00C04F79EFBC}") = "B_ERBU_001", "B_ERBU_001\B_ERBU_001.csproj", "{21E301EB-7ACE-40DD-81AF-4B62642D46AE}"
EndProject
Project("{FAE04EC0-301F-11D3-BF4B-00C04F79EFBC}") = "B_ERBU_002", "B_ERBU_002\B_ERBU_002.csproj", "{9734015A-6A29-4A1D-9596-E208C8650B52}"
EndProject
Project("{FAE04EC0-301F-11D3-BF4B-00C04F79EFBC}") = "B_ERBU_003", "B_ERBU_003\B_ERBU_003.csproj", "{4BC7F6E0-A179-43C9-9997-CC0C2CA87512}"
EndProject
Project("{FAE04EC0-301F-11D3-BF4B-00C04F79EFBC}") = "Ranorex Automation Helpers", "RanorexAutomationHelpers\Ranorex Automation Helpers.csproj", "{06CA45B3-7897-4135-92B7-9387D1303026}"
EndProject
Global
	GlobalSection(SolutionConfigurationPlatforms) = preSolution
		Debug|x86 = Debug|x86
		Release|x86 = Release|x86
	EndGlobalSection
	GlobalSection(ProjectConfigurationPlatforms) = postSolution
		{21E301EB-7ACE-40DD-81AF-4B62642D46AE}.Debug|x86.Build.0 = Debug|x86
		{21E301EB-7ACE-40DD-81AF-4B62642D46AE}.Debug|x86.ActiveCfg = Debug|x86
		{21E301EB-7ACE-40DD-81AF-4B62642D46AE}.Release|x86.Build.0 = Release|x86
		{21E301EB-7ACE-40DD-81AF-4B62642D46AE}.Release|x86.ActiveCfg = Release|x86
		{9734015A-6A29-4A1D-9596-E208C8650B52}.Debug|x86.Build.0 = Debug|x86
		{9734015A-6A29-4A1D-9596-E208C8650B52}.Debug|x86.ActiveCfg = Debug|x86
		{9734015A-6A29-4A1D-9596-E208C8650B52}.Release|x86.Build.0 = Release|x86
		{9734015A-6A29-4A1D-9596-E208C8650B52}.Release|x86.ActiveCfg = Release|x86
		{4BC7F6E0-A179-43C9-9997-CC0C2CA87512}.Debug|x86.Build.0 = Debug|x86
		{4BC7F6E0-A179-43C9-9997-CC0C2CA87512}.Debug|x86.ActiveCfg = Debug|x86
		{4BC7F6E0-A179-43C9-9997-CC0C2CA87512}.Release|x86.Build.0 = Release|x86
		{4BC7F6E0-A179-43C9-9997-CC0C2CA87512}.Release|x86.ActiveCfg = Release|x86
		{06CA45B3-7897-4135-92B7-9387D1303026}.Debug|x86.Build.0 = Debug|x86
		{06CA45B3-7897-4135-92B7-9387D1303026}.Debug|x86.ActiveCfg = Debug|x86
		{06CA45B3-7897-4135-92B7-9387D1303026}.Release|x86.Build.0 = Release|x86
		{06CA45B3-7897-4135-92B7-9387D1303026}.Release|x86.ActiveCfg = Release|x86
	EndGlobalSection
EndGlobal
