
Microsoft Visual Studio Solution File, Format Version 12.00
# Visual Studio 2012
# Ranorex Studio 10.1.0
VisualStudioVersion = 12.0.20827.3
MinimumVisualStudioVersion = 10.0.40219.1
Project("{2150E333-8FDC-42A3-9474-1A3956D46DE8}") = "Solution Items", "Solution Items", "{A609B8E9-32D2-40F4-B77D-B95AF272A115}"
	ProjectSection(SolutionItems) = postProject
		Ranorex = .\Ranorex.rxsettings
	EndProjectSection
EndProject
Project("{FAE04EC0-301F-11D3-BF4B-00C04F79EFBC}") = "K_AUSW_001", "K_AUSW_001\K_AUSW_001.csproj", "{3E47D475-AC6A-487C-8ACA-DD7D63285334}"
EndProject
Project("{FAE04EC0-301F-11D3-BF4B-00C04F79EFBC}") = "Ranorex Automation Helpers", "RanorexAutomationHelpers\Ranorex Automation Helpers.csproj", "{9B1CBF93-C9BD-4464-8311-7139A0026B50}"
EndProject
Project("{FAE04EC0-301F-11D3-BF4B-00C04F79EFBC}") = "K_AUSW_002", "K_AUSW_002\K_AUSW_002.csproj", "{3BC94AAA-C902-45B1-A955-3F870BD723EE}"
EndProject
Global
	GlobalSection(SolutionConfigurationPlatforms) = preSolution
		Debug|x86 = Debug|x86
		Release|x86 = Release|x86
	EndGlobalSection
	GlobalSection(ProjectConfigurationPlatforms) = postSolution
		{3E47D475-AC6A-487C-8ACA-DD7D63285334}.Debug|x86.Build.0 = Debug|x86
		{3E47D475-AC6A-487C-8ACA-DD7D63285334}.Debug|x86.ActiveCfg = Debug|x86
		{3E47D475-AC6A-487C-8ACA-DD7D63285334}.Release|x86.Build.0 = Release|x86
		{3E47D475-AC6A-487C-8ACA-DD7D63285334}.Release|x86.ActiveCfg = Release|x86
		{9B1CBF93-C9BD-4464-8311-7139A0026B50}.Debug|x86.Build.0 = Debug|x86
		{9B1CBF93-C9BD-4464-8311-7139A0026B50}.Debug|x86.ActiveCfg = Debug|x86
		{9B1CBF93-C9BD-4464-8311-7139A0026B50}.Release|x86.Build.0 = Release|x86
		{9B1CBF93-C9BD-4464-8311-7139A0026B50}.Release|x86.ActiveCfg = Release|x86
		{3BC94AAA-C902-45B1-A955-3F870BD723EE}.Debug|x86.Build.0 = Debug|x86
		{3BC94AAA-C902-45B1-A955-3F870BD723EE}.Debug|x86.ActiveCfg = Debug|x86
		{3BC94AAA-C902-45B1-A955-3F870BD723EE}.Release|x86.Build.0 = Release|x86
		{3BC94AAA-C902-45B1-A955-3F870BD723EE}.Release|x86.ActiveCfg = Release|x86
	EndGlobalSection
EndGlobal
