
Microsoft Visual Studio Solution File, Format Version 12.00
# Visual Studio 2012
# Ranorex Studio 10.1.0
VisualStudioVersion = 12.0.20827.3
MinimumVisualStudioVersion = 10.0.40219.1
Project("{2150E333-8FDC-42A3-9474-1A3956D46DE8}") = "Solution Items", "Solution Items", "{05ADA380-5303-4A67-AF10-95986D180A5B}"
	ProjectSection(SolutionItems) = postProject
		Ranorex = .\Ranorex.rxsettings
	EndProjectSection
EndProject
Project("{FAE04EC0-301F-11D3-BF4B-00C04F79EFBC}") = "E_LSK_001", "E_LSK_001\E_LSK_001.csproj", "{F1EBD046-D11A-4820-8498-37A18429A37C}"
EndProject
Project("{FAE04EC0-301F-11D3-BF4B-00C04F79EFBC}") = "E_LSK_002", "E_LSK_002\E_LSK_002.csproj", "{83126788-72B9-4B54-90DD-EEE440436F3C}"
EndProject
Project("{FAE04EC0-301F-11D3-BF4B-00C04F79EFBC}") = "E_LSK_003", "E_LSK_003\E_LSK_003.csproj", "{0A09C0EA-985F-4F7C-9FD0-5EDFBF18C764}"
EndProject
Project("{FAE04EC0-301F-11D3-BF4B-00C04F79EFBC}") = "E_LSK_004", "E_LSK_004\E_LSK_004.csproj", "{A917B981-0899-4092-B1AE-487ED212D5DD}"
EndProject
Project("{FAE04EC0-301F-11D3-BF4B-00C04F79EFBC}") = "E_LSK_005", "E_LSK_005\E_LSK_005.csproj", "{1D77705D-E774-46D1-A1BF-2E2CC037DCBD}"
EndProject
Project("{FAE04EC0-301F-11D3-BF4B-00C04F79EFBC}") = "E_LSK_006", "E_LSK_006\E_LSK_006.csproj", "{35716EB8-607D-4266-A1C5-7D60EF517289}"
EndProject
Project("{FAE04EC0-301F-11D3-BF4B-00C04F79EFBC}") = "E_LSK_007", "E_LSK_007\E_LSK_007.csproj", "{87C4705B-C5EC-4716-8238-7CA3396D8D7B}"
EndProject
Project("{FAE04EC0-301F-11D3-BF4B-00C04F79EFBC}") = "Ranorex Automation Helpers", "RanorexAutomationHelpers\Ranorex Automation Helpers.csproj", "{61683CB0-F089-48CD-B0F1-70B188DA06C7}"
EndProject
Global
	GlobalSection(SolutionConfigurationPlatforms) = preSolution
		Debug|x86 = Debug|x86
		Release|x86 = Release|x86
	EndGlobalSection
	GlobalSection(ProjectConfigurationPlatforms) = postSolution
		{F1EBD046-D11A-4820-8498-37A18429A37C}.Debug|x86.Build.0 = Debug|x86
		{F1EBD046-D11A-4820-8498-37A18429A37C}.Debug|x86.ActiveCfg = Debug|x86
		{F1EBD046-D11A-4820-8498-37A18429A37C}.Release|x86.Build.0 = Release|x86
		{F1EBD046-D11A-4820-8498-37A18429A37C}.Release|x86.ActiveCfg = Release|x86
		{83126788-72B9-4B54-90DD-EEE440436F3C}.Debug|x86.Build.0 = Debug|x86
		{83126788-72B9-4B54-90DD-EEE440436F3C}.Debug|x86.ActiveCfg = Debug|x86
		{83126788-72B9-4B54-90DD-EEE440436F3C}.Release|x86.Build.0 = Release|x86
		{83126788-72B9-4B54-90DD-EEE440436F3C}.Release|x86.ActiveCfg = Release|x86
		{0A09C0EA-985F-4F7C-9FD0-5EDFBF18C764}.Debug|x86.Build.0 = Debug|x86
		{0A09C0EA-985F-4F7C-9FD0-5EDFBF18C764}.Debug|x86.ActiveCfg = Debug|x86
		{0A09C0EA-985F-4F7C-9FD0-5EDFBF18C764}.Release|x86.Build.0 = Release|x86
		{0A09C0EA-985F-4F7C-9FD0-5EDFBF18C764}.Release|x86.ActiveCfg = Release|x86
		{A917B981-0899-4092-B1AE-487ED212D5DD}.Debug|x86.Build.0 = Debug|x86
		{A917B981-0899-4092-B1AE-487ED212D5DD}.Debug|x86.ActiveCfg = Debug|x86
		{A917B981-0899-4092-B1AE-487ED212D5DD}.Release|x86.Build.0 = Release|x86
		{A917B981-0899-4092-B1AE-487ED212D5DD}.Release|x86.ActiveCfg = Release|x86
		{1D77705D-E774-46D1-A1BF-2E2CC037DCBD}.Debug|x86.Build.0 = Debug|x86
		{1D77705D-E774-46D1-A1BF-2E2CC037DCBD}.Debug|x86.ActiveCfg = Debug|x86
		{1D77705D-E774-46D1-A1BF-2E2CC037DCBD}.Release|x86.Build.0 = Release|x86
		{1D77705D-E774-46D1-A1BF-2E2CC037DCBD}.Release|x86.ActiveCfg = Release|x86
		{35716EB8-607D-4266-A1C5-7D60EF517289}.Debug|x86.Build.0 = Debug|x86
		{35716EB8-607D-4266-A1C5-7D60EF517289}.Debug|x86.ActiveCfg = Debug|x86
		{35716EB8-607D-4266-A1C5-7D60EF517289}.Release|x86.Build.0 = Release|x86
		{35716EB8-607D-4266-A1C5-7D60EF517289}.Release|x86.ActiveCfg = Release|x86
		{87C4705B-C5EC-4716-8238-7CA3396D8D7B}.Debug|x86.Build.0 = Debug|x86
		{87C4705B-C5EC-4716-8238-7CA3396D8D7B}.Debug|x86.ActiveCfg = Debug|x86
		{87C4705B-C5EC-4716-8238-7CA3396D8D7B}.Release|x86.Build.0 = Release|x86
		{87C4705B-C5EC-4716-8238-7CA3396D8D7B}.Release|x86.ActiveCfg = Release|x86
		{61683CB0-F089-48CD-B0F1-70B188DA06C7}.Debug|x86.Build.0 = Debug|x86
		{61683CB0-F089-48CD-B0F1-70B188DA06C7}.Debug|x86.ActiveCfg = Debug|x86
		{61683CB0-F089-48CD-B0F1-70B188DA06C7}.Release|x86.Build.0 = Release|x86
		{61683CB0-F089-48CD-B0F1-70B188DA06C7}.Release|x86.ActiveCfg = Release|x86
	EndGlobalSection
EndGlobal
